// !$*UTF8*$!
{
	archiveVersion = 1;
	classes = {
	};
	objectVersion = 56;
	objects = {

/* Begin PBXBuildFile section */
		3B0093C92A6205610021D5C2 /* FirebaseMessaging in Frameworks */ = {isa = PBXBuildFile; productRef = 3B0093C82A6205610021D5C2 /* FirebaseMessaging */; };
		3B0093CB2A621DA40021D5C2 /* Hurdtravel-info.plist in Resources */ = {isa = PBXBuildFile; fileRef = 3B0093CA2A621DA40021D5C2 /* Hurdtravel-info.plist */; };
		3B0093F32A65C5000021D5C2 /* NetworkCalls.swift in Sources */ = {isa = PBXBuildFile; fileRef = 3B0093F22A65C5000021D5C2 /* NetworkCalls.swift */; };
		3B0B26252A862CE40031696A /* BroadcastView.swift in Sources */ = {isa = PBXBuildFile; fileRef = 3B0B26242A862CE40031696A /* BroadcastView.swift */; };
		3B3F682629C41BA600FBC7B6 /* PhoneNumberFormatter.swift in Sources */ = {isa = PBXBuildFile; fileRef = 3B3F682529C41BA600FBC7B6 /* PhoneNumberFormatter.swift */; };
		3B3F682829C555F400FBC7B6 /* Publishers+Extensions.swift in Sources */ = {isa = PBXBuildFile; fileRef = 3B3F682729C555F400FBC7B6 /* Publishers+Extensions.swift */; };
		3B3F682A29C556D600FBC7B6 /* Notifications+Extensions.swift in Sources */ = {isa = PBXBuildFile; fileRef = 3B3F682929C556D600FBC7B6 /* Notifications+Extensions.swift */; };
		3B3F682C29C559B700FBC7B6 /* AdaptsToKeyboard.swift in Sources */ = {isa = PBXBuildFile; fileRef = 3B3F682B29C559B700FBC7B6 /* AdaptsToKeyboard.swift */; };
		3B4BCCB02A5B6209002ED2E3 /* WidgetKit.framework in Frameworks */ = {isa = PBXBuildFile; fileRef = 3B4BCCAF2A5B6209002ED2E3 /* WidgetKit.framework */; };
		3B4BCCB22A5B6209002ED2E3 /* SwiftUI.framework in Frameworks */ = {isa = PBXBuildFile; fileRef = 3B4BCCB12A5B6209002ED2E3 /* SwiftUI.framework */; };
		3B4BCCB52A5B6209002ED2E3 /* Hurdtravel_WidgetBundle.swift in Sources */ = {isa = PBXBuildFile; fileRef = 3B4BCCB42A5B6209002ED2E3 /* Hurdtravel_WidgetBundle.swift */; };
		3B4BCCB72A5B6209002ED2E3 /* Hurdtravel_WidgetLiveActivity.swift in Sources */ = {isa = PBXBuildFile; fileRef = 3B4BCCB62A5B6209002ED2E3 /* Hurdtravel_WidgetLiveActivity.swift */; };
		3B4BCCB92A5B6209002ED2E3 /* Hurdtravel_Widget.swift in Sources */ = {isa = PBXBuildFile; fileRef = 3B4BCCB82A5B6209002ED2E3 /* Hurdtravel_Widget.swift */; };
		3B4BCCBC2A5B620B002ED2E3 /* Assets.xcassets in Resources */ = {isa = PBXBuildFile; fileRef = 3B4BCCBB2A5B620B002ED2E3 /* Assets.xcassets */; };
		3B4BCCBE2A5B620B002ED2E3 /* Hurdtravel_Widget.intentdefinition in Sources */ = {isa = PBXBuildFile; fileRef = 3B4BCCBA2A5B6209002ED2E3 /* Hurdtravel_Widget.intentdefinition */; };
		3B4BCCBF2A5B620B002ED2E3 /* Hurdtravel_Widget.intentdefinition in Sources */ = {isa = PBXBuildFile; fileRef = 3B4BCCBA2A5B6209002ED2E3 /* Hurdtravel_Widget.intentdefinition */; };
		3B4BCCC22A5B620B002ED2E3 /* Hurdtravel WidgetExtension.appex in Embed Foundation Extensions */ = {isa = PBXBuildFile; fileRef = 3B4BCCAD2A5B6209002ED2E3 /* Hurdtravel WidgetExtension.appex */; settings = {ATTRIBUTES = (RemoveHeadersOnCopy, ); }; };
		3B4EB2652977A8C9008C26EF /* NotesView.swift in Sources */ = {isa = PBXBuildFile; fileRef = 3B4EB2642977A8C9008C26EF /* NotesView.swift */; };
		3B4EB2672977B780008C26EF /* TripNotesView.swift in Sources */ = {isa = PBXBuildFile; fileRef = 3B4EB2662977B780008C26EF /* TripNotesView.swift */; };
		3B4EB26A2978D9AB008C26EF /* Alamofire in Frameworks */ = {isa = PBXBuildFile; productRef = 3B4EB2692978D9AB008C26EF /* Alamofire */; };
		3B4EB26D297911A9008C26EF /* SkeletonUI in Frameworks */ = {isa = PBXBuildFile; productRef = 3B4EB26C297911A9008C26EF /* SkeletonUI */; };
		3B4EB2702979133B008C26EF /* PopupView in Frameworks */ = {isa = PBXBuildFile; productRef = 3B4EB26F2979133B008C26EF /* PopupView */; };
		3B4EB272297A2AA8008C26EF /* AddNoteView.swift in Sources */ = {isa = PBXBuildFile; fileRef = 3B4EB271297A2AA8008C26EF /* AddNoteView.swift */; };
		3B4EB275297A66C7008C26EF /* Kingfisher in Frameworks */ = {isa = PBXBuildFile; productRef = 3B4EB274297A66C7008C26EF /* Kingfisher */; };
		3B4EB277297BEB1D008C26EF /* EditProfileView.swift in Sources */ = {isa = PBXBuildFile; fileRef = 3B4EB276297BEB1D008C26EF /* EditProfileView.swift */; };
		3B4F6AA32A91C082003699ED /* LoginView.swift in Sources */ = {isa = PBXBuildFile; fileRef = 3B4F6AA22A91C082003699ED /* LoginView.swift */; };
		3B4F6AA52A91C68E003699ED /* LandingView.swift in Sources */ = {isa = PBXBuildFile; fileRef = 3B4F6AA42A91C68E003699ED /* LandingView.swift */; };
		3B4F6AAB2A985568003699ED /* GoogleSignIn in Frameworks */ = {isa = PBXBuildFile; productRef = 3B4F6AAA2A985568003699ED /* GoogleSignIn */; };
		3B4F6AAD2A985568003699ED /* GoogleSignInSwift in Frameworks */ = {isa = PBXBuildFile; productRef = 3B4F6AAC2A985568003699ED /* GoogleSignInSwift */; };
		3B4F6AB32A998A23003699ED /* UpdatePasswordView.swift in Sources */ = {isa = PBXBuildFile; fileRef = 3B4F6AB22A998A23003699ED /* UpdatePasswordView.swift */; };
		3B4F6AB52A99D5D6003699ED /* UpdateEmailView.swift in Sources */ = {isa = PBXBuildFile; fileRef = 3B4F6AB42A99D5D6003699ED /* UpdateEmailView.swift */; };
		3B5110F62A5FA538004DFD47 /* BranchSDK in Frameworks */ = {isa = PBXBuildFile; productRef = 3B5110F52A5FA538004DFD47 /* BranchSDK */; };
		3B5110F82A5FA75C004DFD47 /* SystemConfiguration.framework in Frameworks */ = {isa = PBXBuildFile; fileRef = 3B5110F72A5FA75C004DFD47 /* SystemConfiguration.framework */; };
		3B5110FA2A5FA76A004DFD47 /* CoreServices.framework in Frameworks */ = {isa = PBXBuildFile; fileRef = 3B5110F92A5FA76A004DFD47 /* CoreServices.framework */; };
		3B5110FC2A5FA778004DFD47 /* CoreTelephony.framework in Frameworks */ = {isa = PBXBuildFile; fileRef = 3B5110FB2A5FA777004DFD47 /* CoreTelephony.framework */; };
		3B5110FE2A5FA785004DFD47 /* WebKit.framework in Frameworks */ = {isa = PBXBuildFile; fileRef = 3B5110FD2A5FA785004DFD47 /* WebKit.framework */; };
		3B5111002A5FA79A004DFD47 /* CoreSpotlight.framework in Frameworks */ = {isa = PBXBuildFile; fileRef = 3B5110FF2A5FA79A004DFD47 /* CoreSpotlight.framework */; };
		3B5111022A5FA7A5004DFD47 /* LinkPresentation.framework in Frameworks */ = {isa = PBXBuildFile; fileRef = 3B5111012A5FA7A5004DFD47 /* LinkPresentation.framework */; settings = {ATTRIBUTES = (Weak, ); }; };
		3B5111042A5FA7DA004DFD47 /* AdServices.framework in Frameworks */ = {isa = PBXBuildFile; fileRef = 3B5111032A5FA7DA004DFD47 /* AdServices.framework */; settings = {ATTRIBUTES = (Weak, ); }; };
		3B5111062A5FA7E1004DFD47 /* AdSupport.framework in Frameworks */ = {isa = PBXBuildFile; fileRef = 3B5111052A5FA7E1004DFD47 /* AdSupport.framework */; settings = {ATTRIBUTES = (Weak, ); }; };
		3B5111082A5FA7EE004DFD47 /* StoreKit.framework in Frameworks */ = {isa = PBXBuildFile; fileRef = 3B5111072A5FA7EE004DFD47 /* StoreKit.framework */; settings = {ATTRIBUTES = (Weak, ); }; };
		3B51110A2A5FA897004DFD47 /* AppDelegate.swift in Sources */ = {isa = PBXBuildFile; fileRef = 3B5111092A5FA897004DFD47 /* AppDelegate.swift */; };
		3B530CA2296234E8002C272B /* FirebaseAnalytics in Frameworks */ = {isa = PBXBuildFile; productRef = 3B530CA1296234E8002C272B /* FirebaseAnalytics */; };
		3B530CA4296234E8002C272B /* FirebaseAnalyticsSwift in Frameworks */ = {isa = PBXBuildFile; productRef = 3B530CA3296234E8002C272B /* FirebaseAnalyticsSwift */; };
		3B530CA6296234E8002C272B /* FirebaseAppCheck in Frameworks */ = {isa = PBXBuildFile; productRef = 3B530CA5296234E8002C272B /* FirebaseAppCheck */; };
		3B530CA8296234E8002C272B /* FirebaseAuth in Frameworks */ = {isa = PBXBuildFile; productRef = 3B530CA7296234E8002C272B /* FirebaseAuth */; };
		3B530CAA296234E8002C272B /* FirebaseAuthCombine-Community in Frameworks */ = {isa = PBXBuildFile; productRef = 3B530CA9296234E8002C272B /* FirebaseAuthCombine-Community */; };
		3B530CAC296234E8002C272B /* FirebaseCrashlytics in Frameworks */ = {isa = PBXBuildFile; productRef = 3B530CAB296234E8002C272B /* FirebaseCrashlytics */; };
		3B530CAE296234E8002C272B /* FirebaseDynamicLinks in Frameworks */ = {isa = PBXBuildFile; productRef = 3B530CAD296234E8002C272B /* FirebaseDynamicLinks */; };
		3B530CB0296234E8002C272B /* FirebaseFirestore in Frameworks */ = {isa = PBXBuildFile; productRef = 3B530CAF296234E8002C272B /* FirebaseFirestore */; };
		3B530CB2296234E8002C272B /* FirebaseFirestoreCombine-Community in Frameworks */ = {isa = PBXBuildFile; productRef = 3B530CB1296234E8002C272B /* FirebaseFirestoreCombine-Community */; };
		3B530CB4296234E8002C272B /* FirebaseFirestoreSwift in Frameworks */ = {isa = PBXBuildFile; productRef = 3B530CB3296234E8002C272B /* FirebaseFirestoreSwift */; };
		3B530CB6296234E8002C272B /* FirebaseFunctions in Frameworks */ = {isa = PBXBuildFile; productRef = 3B530CB5296234E8002C272B /* FirebaseFunctions */; };
		3B530CB8296234E8002C272B /* FirebaseFunctionsCombine-Community in Frameworks */ = {isa = PBXBuildFile; productRef = 3B530CB7296234E8002C272B /* FirebaseFunctionsCombine-Community */; };
		3B530CBA296234E8002C272B /* FirebaseInAppMessaging-Beta in Frameworks */ = {isa = PBXBuildFile; productRef = 3B530CB9296234E8002C272B /* FirebaseInAppMessaging-Beta */; };
		3B530CBC296234E8002C272B /* FirebaseInAppMessagingSwift-Beta in Frameworks */ = {isa = PBXBuildFile; productRef = 3B530CBB296234E8002C272B /* FirebaseInAppMessagingSwift-Beta */; };
		3B530CBE296234E8002C272B /* FirebaseRemoteConfig in Frameworks */ = {isa = PBXBuildFile; productRef = 3B530CBD296234E8002C272B /* FirebaseRemoteConfig */; };
		3B530CC0296234E8002C272B /* FirebaseRemoteConfigSwift in Frameworks */ = {isa = PBXBuildFile; productRef = 3B530CBF296234E8002C272B /* FirebaseRemoteConfigSwift */; };
		3B530CC2296234E8002C272B /* FirebaseStorage in Frameworks */ = {isa = PBXBuildFile; productRef = 3B530CC1296234E8002C272B /* FirebaseStorage */; };
		3B530CC4296234E8002C272B /* FirebaseStorageCombine-Community in Frameworks */ = {isa = PBXBuildFile; productRef = 3B530CC3296234E8002C272B /* FirebaseStorageCombine-Community */; };
		3B530CC7296237D2002C272B /* AuthenticationMethods.swift in Sources */ = {isa = PBXBuildFile; fileRef = 3B530CC6296237D2002C272B /* AuthenticationMethods.swift */; };
		3B530CC92965305F002C272B /* AuthenticationViewModel.swift in Sources */ = {isa = PBXBuildFile; fileRef = 3B530CC82965305F002C272B /* AuthenticationViewModel.swift */; };
		3B530CCC2967BDE3002C272B /* AppConstants.swift in Sources */ = {isa = PBXBuildFile; fileRef = 3B530CCB2967BDE3002C272B /* AppConstants.swift */; };
		3B530CCE2967E942002C272B /* AuthCredentials.swift in Sources */ = {isa = PBXBuildFile; fileRef = 3B530CCD2967E942002C272B /* AuthCredentials.swift */; };
		3B5B86942A70B48200569F89 /* TripComponentView.swift in Sources */ = {isa = PBXBuildFile; fileRef = 3B5B86932A70B48200569F89 /* TripComponentView.swift */; };
		3B5B86962A70B8DF00569F89 /* LinkViewModel.swift in Sources */ = {isa = PBXBuildFile; fileRef = 3B5B86952A70B8DF00569F89 /* LinkViewModel.swift */; };
		3B5B86982A7D7BE900569F89 /* RichLinkView.swift in Sources */ = {isa = PBXBuildFile; fileRef = 3B5B86972A7D7BE900569F89 /* RichLinkView.swift */; };
		3B5B869A2A7D839C00569F89 /* RichLinkPreview.swift in Sources */ = {isa = PBXBuildFile; fileRef = 3B5B86992A7D839C00569F89 /* RichLinkPreview.swift */; };
		3B5BED2929FE32EF0028C793 /* ImagePicker.swift in Sources */ = {isa = PBXBuildFile; fileRef = 3B5BED2829FE32EF0028C793 /* ImagePicker.swift */; };
		3B5C31B42970E4A8001354E6 /* AddTripFormViewModel.swift in Sources */ = {isa = PBXBuildFile; fileRef = 3B5C31B32970E4A8001354E6 /* AddTripFormViewModel.swift */; };
		3B5C31BC2972957B001354E6 /* TripDetailViewModel.swift in Sources */ = {isa = PBXBuildFile; fileRef = 3B5C31BB2972957A001354E6 /* TripDetailViewModel.swift */; };
		3B5C31BE29736965001354E6 /* ProfileViewModel.swift in Sources */ = {isa = PBXBuildFile; fileRef = 3B5C31BD29736965001354E6 /* ProfileViewModel.swift */; };
		3B5E1C3E29AB3B2B008E8831 /* NoTripView.swift in Sources */ = {isa = PBXBuildFile; fileRef = 3B5E1C3D29AB3B2B008E8831 /* NoTripView.swift */; };
		3B603F152975B00A00E01D99 /* TripsViewModel.swift in Sources */ = {isa = PBXBuildFile; fileRef = 3B603F142975B00A00E01D99 /* TripsViewModel.swift */; };
		3B6E292C298F5AED00A90449 /* SavePopUp.swift in Sources */ = {isa = PBXBuildFile; fileRef = 3B6E292B298F5AED00A90449 /* SavePopUp.swift */; };
		3B6E292E2990BE2300A90449 /* TripDateView.swift in Sources */ = {isa = PBXBuildFile; fileRef = 3B6E292D2990BE2300A90449 /* TripDateView.swift */; };
		3B6E29302991F7C500A90449 /* UnSplashResponseModel.swift in Sources */ = {isa = PBXBuildFile; fileRef = 3B6E292F2991F7C500A90449 /* UnSplashResponseModel.swift */; };
		3B7A93C72A6CEB6100DE3589 /* HurdPreviewView.swift in Sources */ = {isa = PBXBuildFile; fileRef = 3B7A93C62A6CEB6100DE3589 /* HurdPreviewView.swift */; };
		3B7A93C92A6D927700DE3589 /* HurdFeedPreviewView.swift in Sources */ = {isa = PBXBuildFile; fileRef = 3B7A93C82A6D927700DE3589 /* HurdFeedPreviewView.swift */; };
		3B7A93CB2A6DA9AB00DE3589 /* HurdManagementView.swift in Sources */ = {isa = PBXBuildFile; fileRef = 3B7A93CA2A6DA9AB00DE3589 /* HurdManagementView.swift */; };
		3B7A93CE2A6E171C00DE3589 /* TripDetailView.swift in Sources */ = {isa = PBXBuildFile; fileRef = 3B7A93CD2A6E171C00DE3589 /* TripDetailView.swift */; };
		3B7A93D02A6F784100DE3589 /* AddTripFormView.swift in Sources */ = {isa = PBXBuildFile; fileRef = 3B5C31B1296FD54A001354E6 /* AddTripFormView.swift */; };
		3B7AD1F32A678C6A00FBEBCA /* Router.swift in Sources */ = {isa = PBXBuildFile; fileRef = 3B7AD1F22A678C6A00FBEBCA /* Router.swift */; };
		3B7AD1F52A6A311500FBEBCA /* HurdMemberView.swift in Sources */ = {isa = PBXBuildFile; fileRef = 3B7AD1F42A6A311400FBEBCA /* HurdMemberView.swift */; };
		3B7AD1F72A6A39C800FBEBCA /* HurdAdminView.swift in Sources */ = {isa = PBXBuildFile; fileRef = 3B7AD1F62A6A39C800FBEBCA /* HurdAdminView.swift */; };
		3B823FBF299F32AE00639D04 /* TripSettingsView.swift in Sources */ = {isa = PBXBuildFile; fileRef = 3B823FBE299F32AE00639D04 /* TripSettingsView.swift */; };
		3B823FC1299F36CB00639D04 /* TripSettingsViewModel.swift in Sources */ = {isa = PBXBuildFile; fileRef = 3B823FC0299F36CB00639D04 /* TripSettingsViewModel.swift */; };
		3B8629F6296D166C0077DB92 /* OnboardingProfileInfoView.swift in Sources */ = {isa = PBXBuildFile; fileRef = 3B8629F5296D166C0077DB92 /* OnboardingProfileInfoView.swift */; };
		3B8629F8296D48600077DB92 /* OnboardingProfileInfoViewModel.swift in Sources */ = {isa = PBXBuildFile; fileRef = 3B8629F7296D48600077DB92 /* OnboardingProfileInfoViewModel.swift */; };
		3B8629FA296E604A0077DB92 /* User.swift in Sources */ = {isa = PBXBuildFile; fileRef = 3B8629F9296E604A0077DB92 /* User.swift */; };
		3BC9ECD0295C0372004EFEEF /* HurdApp.swift in Sources */ = {isa = PBXBuildFile; fileRef = 3BC9ECCF295C0372004EFEEF /* HurdApp.swift */; };
		3BC9ECD2295C0372004EFEEF /* ContentView.swift in Sources */ = {isa = PBXBuildFile; fileRef = 3BC9ECD1295C0372004EFEEF /* ContentView.swift */; };
		3BC9ECD7295C0373004EFEEF /* Preview Assets.xcassets in Resources */ = {isa = PBXBuildFile; fileRef = 3BC9ECD6295C0373004EFEEF /* Preview Assets.xcassets */; };
		3BC9ECE2295C0464004EFEEF /* Color+Extensions.swift in Sources */ = {isa = PBXBuildFile; fileRef = 3BC9ECE1295C0464004EFEEF /* Color+Extensions.swift */; };
		3BC9ECE6295C0924004EFEEF /* HurdButtonModel.swift in Sources */ = {isa = PBXBuildFile; fileRef = 3BC9ECE5295C0924004EFEEF /* HurdButtonModel.swift */; };
		3BC9ECF0295D4223004EFEEF /* HurdPasswordTextField.swift in Sources */ = {isa = PBXBuildFile; fileRef = 3BC9ECEF295D4223004EFEEF /* HurdPasswordTextField.swift */; };
		3BC9ECF6295D5C5E004EFEEF /* HurdTextField.swift in Sources */ = {isa = PBXBuildFile; fileRef = 3BC9ECF5295D5C5E004EFEEF /* HurdTextField.swift */; };
		3BC9ED00295D7C2D004EFEEF /* TripPreviewView.swift in Sources */ = {isa = PBXBuildFile; fileRef = 3BC9ECFF295D7C2D004EFEEF /* TripPreviewView.swift */; };
		3BC9ED03295ED420004EFEEF /* DiscoveryView.swift in Sources */ = {isa = PBXBuildFile; fileRef = 3BC9ED02295ED420004EFEEF /* DiscoveryView.swift */; };
		3BC9ED07295ED43F004EFEEF /* TripView.swift in Sources */ = {isa = PBXBuildFile; fileRef = 3BC9ED06295ED43F004EFEEF /* TripView.swift */; };
		3BC9ED0B295ED472004EFEEF /* ProfileView.swift in Sources */ = {isa = PBXBuildFile; fileRef = 3BC9ED0A295ED472004EFEEF /* ProfileView.swift */; };
		3BC9ED12295FB2F6004EFEEF /* TripDetailViewModelOLD.swift in Sources */ = {isa = PBXBuildFile; fileRef = 3BC9ED11295FB2F6004EFEEF /* TripDetailViewModelOLD.swift */; };
		3BC9ED15295FEC8E004EFEEF /* SlidingTabView in Frameworks */ = {isa = PBXBuildFile; productRef = 3BC9ED14295FEC8E004EFEEF /* SlidingTabView */; };
		3BC9ED17295FF829004EFEEF /* HurdSlidingTabView.swift in Sources */ = {isa = PBXBuildFile; fileRef = 3BC9ED16295FF829004EFEEF /* HurdSlidingTabView.swift */; };
		3BCAC2D929C5889C0007EE57 /* Assets.xcassets in Resources */ = {isa = PBXBuildFile; fileRef = 3BC9ECD3295C0373004EFEEF /* Assets.xcassets */; };
		3BD769C22A061915009A27AC /* HurdTravelTests.swift in Sources */ = {isa = PBXBuildFile; fileRef = 3BD769C12A061915009A27AC /* HurdTravelTests.swift */; };
		3BE06D202A90150800A7D61F /* SigninOptionsView.swift in Sources */ = {isa = PBXBuildFile; fileRef = 3BE06D1F2A90150800A7D61F /* SigninOptionsView.swift */; };
		3BE06D222A90537100A7D61F /* SignUpView.swift in Sources */ = {isa = PBXBuildFile; fileRef = 3BE06D212A90537100A7D61F /* SignUpView.swift */; };
		3BE06D242A90735900A7D61F /* String+Extensions.swift in Sources */ = {isa = PBXBuildFile; fileRef = 3BE06D232A90735900A7D61F /* String+Extensions.swift */; };
		3BE57A47298501C40099D7E4 /* SignInWithAppleButtonView.swift in Sources */ = {isa = PBXBuildFile; fileRef = 3BE57A46298501C40099D7E4 /* SignInWithAppleButtonView.swift */; };
/* End PBXBuildFile section */

/* Begin PBXContainerItemProxy section */
		3B4BCCC02A5B620B002ED2E3 /* PBXContainerItemProxy */ = {
			isa = PBXContainerItemProxy;
			containerPortal = 3BC9ECC4295C0372004EFEEF /* Project object */;
			proxyType = 1;
			remoteGlobalIDString = 3B4BCCAC2A5B6209002ED2E3;
			remoteInfo = "Hurdtravel WidgetExtension";
		};
		3BD769C32A061915009A27AC /* PBXContainerItemProxy */ = {
			isa = PBXContainerItemProxy;
			containerPortal = 3BC9ECC4295C0372004EFEEF /* Project object */;
			proxyType = 1;
			remoteGlobalIDString = 3BC9ECCB295C0372004EFEEF;
			remoteInfo = HurdTravel;
		};
/* End PBXContainerItemProxy section */

/* Begin PBXCopyFilesBuildPhase section */
		3B4BCCC32A5B620B002ED2E3 /* Embed Foundation Extensions */ = {
			isa = PBXCopyFilesBuildPhase;
			buildActionMask = 2147483647;
			dstPath = "";
			dstSubfolderSpec = 13;
			files = (
				3B4BCCC22A5B620B002ED2E3 /* Hurdtravel WidgetExtension.appex in Embed Foundation Extensions */,
			);
			name = "Embed Foundation Extensions";
			runOnlyForDeploymentPostprocessing = 0;
		};
/* End PBXCopyFilesBuildPhase section */

/* Begin PBXFileReference section */
		3B0093CA2A621DA40021D5C2 /* Hurdtravel-info.plist */ = {isa = PBXFileReference; lastKnownFileType = text.plist.xml; path = "Hurdtravel-info.plist"; sourceTree = "<group>"; };
		3B0093F22A65C5000021D5C2 /* NetworkCalls.swift */ = {isa = PBXFileReference; lastKnownFileType = sourcecode.swift; path = NetworkCalls.swift; sourceTree = "<group>"; };
		3B0B26242A862CE40031696A /* BroadcastView.swift */ = {isa = PBXFileReference; lastKnownFileType = sourcecode.swift; path = BroadcastView.swift; sourceTree = "<group>"; };
		3B3F682529C41BA600FBC7B6 /* PhoneNumberFormatter.swift */ = {isa = PBXFileReference; fileEncoding = 4; lastKnownFileType = sourcecode.swift; path = PhoneNumberFormatter.swift; sourceTree = "<group>"; };
		3B3F682729C555F400FBC7B6 /* Publishers+Extensions.swift */ = {isa = PBXFileReference; lastKnownFileType = sourcecode.swift; path = "Publishers+Extensions.swift"; sourceTree = "<group>"; };
		3B3F682929C556D600FBC7B6 /* Notifications+Extensions.swift */ = {isa = PBXFileReference; lastKnownFileType = sourcecode.swift; path = "Notifications+Extensions.swift"; sourceTree = "<group>"; };
		3B3F682B29C559B700FBC7B6 /* AdaptsToKeyboard.swift */ = {isa = PBXFileReference; lastKnownFileType = sourcecode.swift; path = AdaptsToKeyboard.swift; sourceTree = "<group>"; };
		3B4BCCAD2A5B6209002ED2E3 /* Hurdtravel WidgetExtension.appex */ = {isa = PBXFileReference; explicitFileType = "wrapper.app-extension"; includeInIndex = 0; path = "Hurdtravel WidgetExtension.appex"; sourceTree = BUILT_PRODUCTS_DIR; };
		3B4BCCAF2A5B6209002ED2E3 /* WidgetKit.framework */ = {isa = PBXFileReference; lastKnownFileType = wrapper.framework; name = WidgetKit.framework; path = System/Library/Frameworks/WidgetKit.framework; sourceTree = SDKROOT; };
		3B4BCCB12A5B6209002ED2E3 /* SwiftUI.framework */ = {isa = PBXFileReference; lastKnownFileType = wrapper.framework; name = SwiftUI.framework; path = System/Library/Frameworks/SwiftUI.framework; sourceTree = SDKROOT; };
		3B4BCCB42A5B6209002ED2E3 /* Hurdtravel_WidgetBundle.swift */ = {isa = PBXFileReference; lastKnownFileType = sourcecode.swift; path = Hurdtravel_WidgetBundle.swift; sourceTree = "<group>"; };
		3B4BCCB62A5B6209002ED2E3 /* Hurdtravel_WidgetLiveActivity.swift */ = {isa = PBXFileReference; lastKnownFileType = sourcecode.swift; path = Hurdtravel_WidgetLiveActivity.swift; sourceTree = "<group>"; };
		3B4BCCB82A5B6209002ED2E3 /* Hurdtravel_Widget.swift */ = {isa = PBXFileReference; lastKnownFileType = sourcecode.swift; path = Hurdtravel_Widget.swift; sourceTree = "<group>"; };
		3B4BCCBA2A5B6209002ED2E3 /* Hurdtravel_Widget.intentdefinition */ = {isa = PBXFileReference; lastKnownFileType = file.intentdefinition; path = Hurdtravel_Widget.intentdefinition; sourceTree = "<group>"; };
		3B4BCCBB2A5B620B002ED2E3 /* Assets.xcassets */ = {isa = PBXFileReference; lastKnownFileType = folder.assetcatalog; path = Assets.xcassets; sourceTree = "<group>"; };
		3B4BCCBD2A5B620B002ED2E3 /* Info.plist */ = {isa = PBXFileReference; lastKnownFileType = text.plist.xml; path = Info.plist; sourceTree = "<group>"; };
		3B4BCCC72A5CE9AA002ED2E3 /* HurdTravel.entitlements */ = {isa = PBXFileReference; lastKnownFileType = text.plist.entitlements; path = HurdTravel.entitlements; sourceTree = "<group>"; };
		3B4BCCC82A5CE9B6002ED2E3 /* Hurdtravel WidgetExtension.entitlements */ = {isa = PBXFileReference; lastKnownFileType = text.plist.entitlements; path = "Hurdtravel WidgetExtension.entitlements"; sourceTree = "<group>"; };
		3B4EB2642977A8C9008C26EF /* NotesView.swift */ = {isa = PBXFileReference; lastKnownFileType = sourcecode.swift; path = NotesView.swift; sourceTree = "<group>"; };
		3B4EB2662977B780008C26EF /* TripNotesView.swift */ = {isa = PBXFileReference; lastKnownFileType = sourcecode.swift; path = TripNotesView.swift; sourceTree = "<group>"; };
		3B4EB271297A2AA8008C26EF /* AddNoteView.swift */ = {isa = PBXFileReference; lastKnownFileType = sourcecode.swift; path = AddNoteView.swift; sourceTree = "<group>"; };
		3B4EB276297BEB1D008C26EF /* EditProfileView.swift */ = {isa = PBXFileReference; lastKnownFileType = sourcecode.swift; path = EditProfileView.swift; sourceTree = "<group>"; };
		3B4F6AA22A91C082003699ED /* LoginView.swift */ = {isa = PBXFileReference; lastKnownFileType = sourcecode.swift; path = LoginView.swift; sourceTree = "<group>"; };
		3B4F6AA42A91C68E003699ED /* LandingView.swift */ = {isa = PBXFileReference; lastKnownFileType = sourcecode.swift; path = LandingView.swift; sourceTree = "<group>"; };
		3B4F6AB22A998A23003699ED /* UpdatePasswordView.swift */ = {isa = PBXFileReference; lastKnownFileType = sourcecode.swift; path = UpdatePasswordView.swift; sourceTree = "<group>"; };
		3B4F6AB42A99D5D6003699ED /* UpdateEmailView.swift */ = {isa = PBXFileReference; lastKnownFileType = sourcecode.swift; path = UpdateEmailView.swift; sourceTree = "<group>"; };
		3B5110F72A5FA75C004DFD47 /* SystemConfiguration.framework */ = {isa = PBXFileReference; lastKnownFileType = wrapper.framework; name = SystemConfiguration.framework; path = System/Library/Frameworks/SystemConfiguration.framework; sourceTree = SDKROOT; };
		3B5110F92A5FA76A004DFD47 /* CoreServices.framework */ = {isa = PBXFileReference; lastKnownFileType = wrapper.framework; name = CoreServices.framework; path = System/Library/Frameworks/CoreServices.framework; sourceTree = SDKROOT; };
		3B5110FB2A5FA777004DFD47 /* CoreTelephony.framework */ = {isa = PBXFileReference; lastKnownFileType = wrapper.framework; name = CoreTelephony.framework; path = System/Library/Frameworks/CoreTelephony.framework; sourceTree = SDKROOT; };
		3B5110FD2A5FA785004DFD47 /* WebKit.framework */ = {isa = PBXFileReference; lastKnownFileType = wrapper.framework; name = WebKit.framework; path = System/Library/Frameworks/WebKit.framework; sourceTree = SDKROOT; };
		3B5110FF2A5FA79A004DFD47 /* CoreSpotlight.framework */ = {isa = PBXFileReference; lastKnownFileType = wrapper.framework; name = CoreSpotlight.framework; path = System/Library/Frameworks/CoreSpotlight.framework; sourceTree = SDKROOT; };
		3B5111012A5FA7A5004DFD47 /* LinkPresentation.framework */ = {isa = PBXFileReference; lastKnownFileType = wrapper.framework; name = LinkPresentation.framework; path = System/Library/Frameworks/LinkPresentation.framework; sourceTree = SDKROOT; };
		3B5111032A5FA7DA004DFD47 /* AdServices.framework */ = {isa = PBXFileReference; lastKnownFileType = wrapper.framework; name = AdServices.framework; path = System/Library/Frameworks/AdServices.framework; sourceTree = SDKROOT; };
		3B5111052A5FA7E1004DFD47 /* AdSupport.framework */ = {isa = PBXFileReference; lastKnownFileType = wrapper.framework; name = AdSupport.framework; path = System/Library/Frameworks/AdSupport.framework; sourceTree = SDKROOT; };
		3B5111072A5FA7EE004DFD47 /* StoreKit.framework */ = {isa = PBXFileReference; lastKnownFileType = wrapper.framework; name = StoreKit.framework; path = System/Library/Frameworks/StoreKit.framework; sourceTree = SDKROOT; };
		3B5111092A5FA897004DFD47 /* AppDelegate.swift */ = {isa = PBXFileReference; lastKnownFileType = sourcecode.swift; path = AppDelegate.swift; sourceTree = "<group>"; };
		3B530CC6296237D2002C272B /* AuthenticationMethods.swift */ = {isa = PBXFileReference; lastKnownFileType = sourcecode.swift; path = AuthenticationMethods.swift; sourceTree = "<group>"; };
		3B530CC82965305F002C272B /* AuthenticationViewModel.swift */ = {isa = PBXFileReference; lastKnownFileType = sourcecode.swift; path = AuthenticationViewModel.swift; sourceTree = "<group>"; };
		3B530CCB2967BDE3002C272B /* AppConstants.swift */ = {isa = PBXFileReference; lastKnownFileType = sourcecode.swift; path = AppConstants.swift; sourceTree = "<group>"; };
		3B530CCD2967E942002C272B /* AuthCredentials.swift */ = {isa = PBXFileReference; lastKnownFileType = sourcecode.swift; path = AuthCredentials.swift; sourceTree = "<group>"; };
		3B5B86932A70B48200569F89 /* TripComponentView.swift */ = {isa = PBXFileReference; lastKnownFileType = sourcecode.swift; path = TripComponentView.swift; sourceTree = "<group>"; };
		3B5B86952A70B8DF00569F89 /* LinkViewModel.swift */ = {isa = PBXFileReference; lastKnownFileType = sourcecode.swift; path = LinkViewModel.swift; sourceTree = "<group>"; };
		3B5B86972A7D7BE900569F89 /* RichLinkView.swift */ = {isa = PBXFileReference; lastKnownFileType = sourcecode.swift; path = RichLinkView.swift; sourceTree = "<group>"; };
		3B5B86992A7D839C00569F89 /* RichLinkPreview.swift */ = {isa = PBXFileReference; lastKnownFileType = sourcecode.swift; path = RichLinkPreview.swift; sourceTree = "<group>"; };
		3B5BED2829FE32EF0028C793 /* ImagePicker.swift */ = {isa = PBXFileReference; lastKnownFileType = sourcecode.swift; path = ImagePicker.swift; sourceTree = "<group>"; };
		3B5C31B1296FD54A001354E6 /* AddTripFormView.swift */ = {isa = PBXFileReference; lastKnownFileType = sourcecode.swift; path = AddTripFormView.swift; sourceTree = "<group>"; };
		3B5C31B32970E4A8001354E6 /* AddTripFormViewModel.swift */ = {isa = PBXFileReference; lastKnownFileType = sourcecode.swift; path = AddTripFormViewModel.swift; sourceTree = "<group>"; };
		3B5C31BB2972957A001354E6 /* TripDetailViewModel.swift */ = {isa = PBXFileReference; lastKnownFileType = sourcecode.swift; path = TripDetailViewModel.swift; sourceTree = "<group>"; };
		3B5C31BD29736965001354E6 /* ProfileViewModel.swift */ = {isa = PBXFileReference; lastKnownFileType = sourcecode.swift; path = ProfileViewModel.swift; sourceTree = "<group>"; };
		3B5E1C3D29AB3B2B008E8831 /* NoTripView.swift */ = {isa = PBXFileReference; lastKnownFileType = sourcecode.swift; path = NoTripView.swift; sourceTree = "<group>"; };
		3B603F142975B00A00E01D99 /* TripsViewModel.swift */ = {isa = PBXFileReference; lastKnownFileType = sourcecode.swift; path = TripsViewModel.swift; sourceTree = "<group>"; };
		3B6B58C42AA557C100CE29B7 /* GoogleService-Info.plist */ = {isa = PBXFileReference; lastKnownFileType = text.plist.xml; path = "GoogleService-Info.plist"; sourceTree = "<group>"; };
		3B6E292B298F5AED00A90449 /* SavePopUp.swift */ = {isa = PBXFileReference; lastKnownFileType = sourcecode.swift; path = SavePopUp.swift; sourceTree = "<group>"; };
		3B6E292D2990BE2300A90449 /* TripDateView.swift */ = {isa = PBXFileReference; lastKnownFileType = sourcecode.swift; path = TripDateView.swift; sourceTree = "<group>"; };
		3B6E292F2991F7C500A90449 /* UnSplashResponseModel.swift */ = {isa = PBXFileReference; lastKnownFileType = sourcecode.swift; path = UnSplashResponseModel.swift; sourceTree = "<group>"; };
		3B7A93C62A6CEB6100DE3589 /* HurdPreviewView.swift */ = {isa = PBXFileReference; lastKnownFileType = sourcecode.swift; path = HurdPreviewView.swift; sourceTree = "<group>"; };
		3B7A93C82A6D927700DE3589 /* HurdFeedPreviewView.swift */ = {isa = PBXFileReference; lastKnownFileType = sourcecode.swift; path = HurdFeedPreviewView.swift; sourceTree = "<group>"; };
		3B7A93CA2A6DA9AB00DE3589 /* HurdManagementView.swift */ = {isa = PBXFileReference; lastKnownFileType = sourcecode.swift; path = HurdManagementView.swift; sourceTree = "<group>"; };
		3B7A93CD2A6E171C00DE3589 /* TripDetailView.swift */ = {isa = PBXFileReference; lastKnownFileType = sourcecode.swift; path = TripDetailView.swift; sourceTree = "<group>"; };
		3B7AD1F22A678C6A00FBEBCA /* Router.swift */ = {isa = PBXFileReference; lastKnownFileType = sourcecode.swift; path = Router.swift; sourceTree = "<group>"; };
		3B7AD1F42A6A311400FBEBCA /* HurdMemberView.swift */ = {isa = PBXFileReference; lastKnownFileType = sourcecode.swift; path = HurdMemberView.swift; sourceTree = "<group>"; };
		3B7AD1F62A6A39C800FBEBCA /* HurdAdminView.swift */ = {isa = PBXFileReference; lastKnownFileType = sourcecode.swift; path = HurdAdminView.swift; sourceTree = "<group>"; };
		3B823FBE299F32AE00639D04 /* TripSettingsView.swift */ = {isa = PBXFileReference; lastKnownFileType = sourcecode.swift; path = TripSettingsView.swift; sourceTree = "<group>"; };
		3B823FC0299F36CB00639D04 /* TripSettingsViewModel.swift */ = {isa = PBXFileReference; lastKnownFileType = sourcecode.swift; path = TripSettingsViewModel.swift; sourceTree = "<group>"; };
		3B8629F5296D166C0077DB92 /* OnboardingProfileInfoView.swift */ = {isa = PBXFileReference; lastKnownFileType = sourcecode.swift; path = OnboardingProfileInfoView.swift; sourceTree = "<group>"; };
		3B8629F7296D48600077DB92 /* OnboardingProfileInfoViewModel.swift */ = {isa = PBXFileReference; lastKnownFileType = sourcecode.swift; path = OnboardingProfileInfoViewModel.swift; sourceTree = "<group>"; };
		3B8629F9296E604A0077DB92 /* User.swift */ = {isa = PBXFileReference; lastKnownFileType = sourcecode.swift; path = User.swift; sourceTree = "<group>"; };
		3BC9ECCC295C0372004EFEEF /* HurdTravel.app */ = {isa = PBXFileReference; explicitFileType = wrapper.application; includeInIndex = 0; path = HurdTravel.app; sourceTree = BUILT_PRODUCTS_DIR; };
		3BC9ECCF295C0372004EFEEF /* HurdApp.swift */ = {isa = PBXFileReference; lastKnownFileType = sourcecode.swift; path = HurdApp.swift; sourceTree = "<group>"; };
		3BC9ECD1295C0372004EFEEF /* ContentView.swift */ = {isa = PBXFileReference; lastKnownFileType = sourcecode.swift; path = ContentView.swift; sourceTree = "<group>"; };
		3BC9ECD3295C0373004EFEEF /* Assets.xcassets */ = {isa = PBXFileReference; lastKnownFileType = folder.assetcatalog; name = Assets.xcassets; path = Hurd/Assets.xcassets; sourceTree = SOURCE_ROOT; };
		3BC9ECD6295C0373004EFEEF /* Preview Assets.xcassets */ = {isa = PBXFileReference; lastKnownFileType = folder.assetcatalog; path = "Preview Assets.xcassets"; sourceTree = "<group>"; };
		3BC9ECE1295C0464004EFEEF /* Color+Extensions.swift */ = {isa = PBXFileReference; lastKnownFileType = sourcecode.swift; path = "Color+Extensions.swift"; sourceTree = "<group>"; };
		3BC9ECE5295C0924004EFEEF /* HurdButtonModel.swift */ = {isa = PBXFileReference; lastKnownFileType = sourcecode.swift; path = HurdButtonModel.swift; sourceTree = "<group>"; };
		3BC9ECEF295D4223004EFEEF /* HurdPasswordTextField.swift */ = {isa = PBXFileReference; lastKnownFileType = sourcecode.swift; path = HurdPasswordTextField.swift; sourceTree = "<group>"; };
		3BC9ECF5295D5C5E004EFEEF /* HurdTextField.swift */ = {isa = PBXFileReference; lastKnownFileType = sourcecode.swift; path = HurdTextField.swift; sourceTree = "<group>"; };
		3BC9ECFF295D7C2D004EFEEF /* TripPreviewView.swift */ = {isa = PBXFileReference; lastKnownFileType = sourcecode.swift; path = TripPreviewView.swift; sourceTree = "<group>"; };
		3BC9ED02295ED420004EFEEF /* DiscoveryView.swift */ = {isa = PBXFileReference; lastKnownFileType = sourcecode.swift; path = DiscoveryView.swift; sourceTree = "<group>"; };
		3BC9ED06295ED43F004EFEEF /* TripView.swift */ = {isa = PBXFileReference; lastKnownFileType = sourcecode.swift; path = TripView.swift; sourceTree = "<group>"; };
		3BC9ED0A295ED472004EFEEF /* ProfileView.swift */ = {isa = PBXFileReference; lastKnownFileType = sourcecode.swift; path = ProfileView.swift; sourceTree = "<group>"; };
		3BC9ED11295FB2F6004EFEEF /* TripDetailViewModelOLD.swift */ = {isa = PBXFileReference; lastKnownFileType = sourcecode.swift; name = TripDetailViewModelOLD.swift; path = ../View/TripViews/TripDetailViewModelOLD.swift; sourceTree = "<group>"; };
		3BC9ED16295FF829004EFEEF /* HurdSlidingTabView.swift */ = {isa = PBXFileReference; lastKnownFileType = sourcecode.swift; path = HurdSlidingTabView.swift; sourceTree = "<group>"; };
		3BD769BF2A061915009A27AC /* HurdTravelTests.xctest */ = {isa = PBXFileReference; explicitFileType = wrapper.cfbundle; includeInIndex = 0; path = HurdTravelTests.xctest; sourceTree = BUILT_PRODUCTS_DIR; };
		3BD769C12A061915009A27AC /* HurdTravelTests.swift */ = {isa = PBXFileReference; lastKnownFileType = sourcecode.swift; path = HurdTravelTests.swift; sourceTree = "<group>"; };
		3BE06D1F2A90150800A7D61F /* SigninOptionsView.swift */ = {isa = PBXFileReference; lastKnownFileType = sourcecode.swift; path = SigninOptionsView.swift; sourceTree = "<group>"; };
		3BE06D212A90537100A7D61F /* SignUpView.swift */ = {isa = PBXFileReference; lastKnownFileType = sourcecode.swift; path = SignUpView.swift; sourceTree = "<group>"; };
		3BE06D232A90735900A7D61F /* String+Extensions.swift */ = {isa = PBXFileReference; lastKnownFileType = sourcecode.swift; path = "String+Extensions.swift"; sourceTree = "<group>"; };
		3BE57A412984C64C0099D7E4 /* HurdDebug.entitlements */ = {isa = PBXFileReference; lastKnownFileType = text.plist.entitlements; path = HurdDebug.entitlements; sourceTree = "<group>"; };
		3BE57A46298501C40099D7E4 /* SignInWithAppleButtonView.swift */ = {isa = PBXFileReference; lastKnownFileType = sourcecode.swift; path = SignInWithAppleButtonView.swift; sourceTree = "<group>"; };
/* End PBXFileReference section */

/* Begin PBXFrameworksBuildPhase section */
		3B4BCCAA2A5B6209002ED2E3 /* Frameworks */ = {
			isa = PBXFrameworksBuildPhase;
			buildActionMask = 2147483647;
			files = (
				3B4BCCB22A5B6209002ED2E3 /* SwiftUI.framework in Frameworks */,
				3B4BCCB02A5B6209002ED2E3 /* WidgetKit.framework in Frameworks */,
			);
			runOnlyForDeploymentPostprocessing = 0;
		};
		3BC9ECC9295C0372004EFEEF /* Frameworks */ = {
			isa = PBXFrameworksBuildPhase;
			buildActionMask = 2147483647;
			files = (
				3B5111082A5FA7EE004DFD47 /* StoreKit.framework in Frameworks */,
				3B5111062A5FA7E1004DFD47 /* AdSupport.framework in Frameworks */,
				3B5111042A5FA7DA004DFD47 /* AdServices.framework in Frameworks */,
				3B5111022A5FA7A5004DFD47 /* LinkPresentation.framework in Frameworks */,
				3B5111002A5FA79A004DFD47 /* CoreSpotlight.framework in Frameworks */,
				3B5110FE2A5FA785004DFD47 /* WebKit.framework in Frameworks */,
				3B5110FC2A5FA778004DFD47 /* CoreTelephony.framework in Frameworks */,
				3B5110FA2A5FA76A004DFD47 /* CoreServices.framework in Frameworks */,
				3B5110F82A5FA75C004DFD47 /* SystemConfiguration.framework in Frameworks */,
				3B530CA6296234E8002C272B /* FirebaseAppCheck in Frameworks */,
				3B530CBA296234E8002C272B /* FirebaseInAppMessaging-Beta in Frameworks */,
				3B530CAA296234E8002C272B /* FirebaseAuthCombine-Community in Frameworks */,
				3B530CA8296234E8002C272B /* FirebaseAuth in Frameworks */,
				3B4EB26D297911A9008C26EF /* SkeletonUI in Frameworks */,
				3B530CB6296234E8002C272B /* FirebaseFunctions in Frameworks */,
				3B4EB26A2978D9AB008C26EF /* Alamofire in Frameworks */,
				3B530CB2296234E8002C272B /* FirebaseFirestoreCombine-Community in Frameworks */,
				3B530CC4296234E8002C272B /* FirebaseStorageCombine-Community in Frameworks */,
				3B5110F62A5FA538004DFD47 /* BranchSDK in Frameworks */,
				3B530CAE296234E8002C272B /* FirebaseDynamicLinks in Frameworks */,
				3B4F6AAB2A985568003699ED /* GoogleSignIn in Frameworks */,
				3B530CBE296234E8002C272B /* FirebaseRemoteConfig in Frameworks */,
				3B530CBC296234E8002C272B /* FirebaseInAppMessagingSwift-Beta in Frameworks */,
				3B530CC0296234E8002C272B /* FirebaseRemoteConfigSwift in Frameworks */,
				3B530CB4296234E8002C272B /* FirebaseFirestoreSwift in Frameworks */,
				3B4EB2702979133B008C26EF /* PopupView in Frameworks */,
				3B530CC2296234E8002C272B /* FirebaseStorage in Frameworks */,
				3B4F6AAD2A985568003699ED /* GoogleSignInSwift in Frameworks */,
				3B0093C92A6205610021D5C2 /* FirebaseMessaging in Frameworks */,
				3B530CAC296234E8002C272B /* FirebaseCrashlytics in Frameworks */,
				3B530CB8296234E8002C272B /* FirebaseFunctionsCombine-Community in Frameworks */,
				3B530CB0296234E8002C272B /* FirebaseFirestore in Frameworks */,
				3B4EB275297A66C7008C26EF /* Kingfisher in Frameworks */,
				3B530CA4296234E8002C272B /* FirebaseAnalyticsSwift in Frameworks */,
				3B530CA2296234E8002C272B /* FirebaseAnalytics in Frameworks */,
				3BC9ED15295FEC8E004EFEEF /* SlidingTabView in Frameworks */,
			);
			runOnlyForDeploymentPostprocessing = 0;
		};
		3BD769BC2A061915009A27AC /* Frameworks */ = {
			isa = PBXFrameworksBuildPhase;
			buildActionMask = 2147483647;
			files = (
			);
			runOnlyForDeploymentPostprocessing = 0;
		};
/* End PBXFrameworksBuildPhase section */

/* Begin PBXGroup section */
		3B4BCCAE2A5B6209002ED2E3 /* Frameworks */ = {
			isa = PBXGroup;
			children = (
				3B5111072A5FA7EE004DFD47 /* StoreKit.framework */,
				3B5111052A5FA7E1004DFD47 /* AdSupport.framework */,
				3B5111032A5FA7DA004DFD47 /* AdServices.framework */,
				3B5111012A5FA7A5004DFD47 /* LinkPresentation.framework */,
				3B5110FF2A5FA79A004DFD47 /* CoreSpotlight.framework */,
				3B5110FD2A5FA785004DFD47 /* WebKit.framework */,
				3B5110FB2A5FA777004DFD47 /* CoreTelephony.framework */,
				3B5110F92A5FA76A004DFD47 /* CoreServices.framework */,
				3B5110F72A5FA75C004DFD47 /* SystemConfiguration.framework */,
				3B4BCCAF2A5B6209002ED2E3 /* WidgetKit.framework */,
				3B4BCCB12A5B6209002ED2E3 /* SwiftUI.framework */,
			);
			name = Frameworks;
			sourceTree = "<group>";
		};
		3B4BCCB32A5B6209002ED2E3 /* Hurdtravel Widget */ = {
			isa = PBXGroup;
			children = (
				3B4BCCB42A5B6209002ED2E3 /* Hurdtravel_WidgetBundle.swift */,
				3B4BCCB62A5B6209002ED2E3 /* Hurdtravel_WidgetLiveActivity.swift */,
				3B4BCCB82A5B6209002ED2E3 /* Hurdtravel_Widget.swift */,
				3B4BCCBA2A5B6209002ED2E3 /* Hurdtravel_Widget.intentdefinition */,
				3B4BCCBB2A5B620B002ED2E3 /* Assets.xcassets */,
				3B4BCCBD2A5B620B002ED2E3 /* Info.plist */,
			);
			path = "Hurdtravel Widget";
			sourceTree = "<group>";
		};
		3B530CC529623781002C272B /* Networking */ = {
			isa = PBXGroup;
			children = (
				3B530CC6296237D2002C272B /* AuthenticationMethods.swift */,
				3B0093F22A65C5000021D5C2 /* NetworkCalls.swift */,
			);
			path = Networking;
			sourceTree = "<group>";
		};
		3B530CCA2967BDCE002C272B /* Utilities */ = {
			isa = PBXGroup;
			children = (
				3B530CCB2967BDE3002C272B /* AppConstants.swift */,
			);
			path = Utilities;
			sourceTree = "<group>";
		};
		3B5BED2729FE32DB0028C793 /* UIKit */ = {
			isa = PBXGroup;
			children = (
				3B5BED2829FE32EF0028C793 /* ImagePicker.swift */,
			);
			path = UIKit;
			sourceTree = "<group>";
		};
		3B6E292A298F5ACA00A90449 /* PopUps */ = {
			isa = PBXGroup;
			children = (
				3B6E292B298F5AED00A90449 /* SavePopUp.swift */,
			);
			path = PopUps;
			sourceTree = "<group>";
		};
		3B7A93CC2A6E16DE00DE3589 /* TripViews */ = {
			isa = PBXGroup;
			children = (
				3B5E1C3D29AB3B2B008E8831 /* NoTripView.swift */,
				3B5C31B1296FD54A001354E6 /* AddTripFormView.swift */,
				3B7A93CD2A6E171C00DE3589 /* TripDetailView.swift */,
				3B4EB2662977B780008C26EF /* TripNotesView.swift */,
				3B823FBE299F32AE00639D04 /* TripSettingsView.swift */,
				3BC9ECFF295D7C2D004EFEEF /* TripPreviewView.swift */,
				3B6E292D2990BE2300A90449 /* TripDateView.swift */,
				3B5B86972A7D7BE900569F89 /* RichLinkView.swift */,
				3B5B86992A7D839C00569F89 /* RichLinkPreview.swift */,
				3B0B26242A862CE40031696A /* BroadcastView.swift */,
			);
			path = TripViews;
			sourceTree = "<group>";
		};
		3B7A93CF2A6E36A000DE3589 /* NoteViews */ = {
			isa = PBXGroup;
			children = (
				3B4EB271297A2AA8008C26EF /* AddNoteView.swift */,
				3B4EB2642977A8C9008C26EF /* NotesView.swift */,
			);
			path = NoteViews;
			sourceTree = "<group>";
		};
		3B7AD1F12A678C5400FBEBCA /* Router */ = {
			isa = PBXGroup;
			children = (
				3B7AD1F22A678C6A00FBEBCA /* Router.swift */,
			);
			path = Router;
			sourceTree = "<group>";
		};
		3B7AD1F82A6CE9B900FBEBCA /* HurdViews */ = {
			isa = PBXGroup;
			children = (
				3B7AD1F62A6A39C800FBEBCA /* HurdAdminView.swift */,
				3B7AD1F42A6A311400FBEBCA /* HurdMemberView.swift */,
				3B7A93C62A6CEB6100DE3589 /* HurdPreviewView.swift */,
				3B7A93C82A6D927700DE3589 /* HurdFeedPreviewView.swift */,
				3B7A93CA2A6DA9AB00DE3589 /* HurdManagementView.swift */,
			);
			path = HurdViews;
			sourceTree = "<group>";
		};
		3B8629F2296BF3720077DB92 /* Onboarding */ = {
			isa = PBXGroup;
			children = (
				3BC9ECEF295D4223004EFEEF /* HurdPasswordTextField.swift */,
				3BC9ECF5295D5C5E004EFEEF /* HurdTextField.swift */,
				3B8629F5296D166C0077DB92 /* OnboardingProfileInfoView.swift */,
				3BE57A46298501C40099D7E4 /* SignInWithAppleButtonView.swift */,
				3BE06D1F2A90150800A7D61F /* SigninOptionsView.swift */,
				3BE06D212A90537100A7D61F /* SignUpView.swift */,
				3B4F6AA22A91C082003699ED /* LoginView.swift */,
				3B4F6AA42A91C68E003699ED /* LandingView.swift */,
			);
			path = Onboarding;
			sourceTree = "<group>";
		};
		3BC9ECC3295C0372004EFEEF = {
			isa = PBXGroup;
			children = (
				3B6B58C42AA557C100CE29B7 /* GoogleService-Info.plist */,
				3B0093CA2A621DA40021D5C2 /* Hurdtravel-info.plist */,
				3B4BCCC82A5CE9B6002ED2E3 /* Hurdtravel WidgetExtension.entitlements */,
				3B4BCCC72A5CE9AA002ED2E3 /* HurdTravel.entitlements */,
				3BC9ECCE295C0372004EFEEF /* Hurd */,
				3BD769C02A061915009A27AC /* HurdTravelTests */,
				3B4BCCB32A5B6209002ED2E3 /* Hurdtravel Widget */,
				3B4BCCAE2A5B6209002ED2E3 /* Frameworks */,
				3BC9ECCD295C0372004EFEEF /* Products */,
			);
			sourceTree = "<group>";
		};
		3BC9ECCD295C0372004EFEEF /* Products */ = {
			isa = PBXGroup;
			children = (
				3BC9ECCC295C0372004EFEEF /* HurdTravel.app */,
				3BD769BF2A061915009A27AC /* HurdTravelTests.xctest */,
				3B4BCCAD2A5B6209002ED2E3 /* Hurdtravel WidgetExtension.appex */,
			);
			name = Products;
			sourceTree = "<group>";
		};
		3BC9ECCE295C0372004EFEEF /* Hurd */ = {
			isa = PBXGroup;
			children = (
				3B7AD1F12A678C5400FBEBCA /* Router */,
				3B5BED2729FE32DB0028C793 /* UIKit */,
				3BE57A412984C64C0099D7E4 /* HurdDebug.entitlements */,
				3B530CCA2967BDCE002C272B /* Utilities */,
				3B530CC529623781002C272B /* Networking */,
				3BC9ECE0295C03E8004EFEEF /* extensions */,
				3BC9ECDF295C03B0004EFEEF /* ViewModel */,
				3BC9ECDE295C03A0004EFEEF /* Model */,
				3BC9ECDD295C0399004EFEEF /* View */,
				3BC9ECCF295C0372004EFEEF /* HurdApp.swift */,
				3BC9ECD1295C0372004EFEEF /* ContentView.swift */,
				3BC9ECD3295C0373004EFEEF /* Assets.xcassets */,
				3BC9ECD5295C0373004EFEEF /* Preview Content */,
				3B5111092A5FA897004DFD47 /* AppDelegate.swift */,
			);
			path = Hurd;
			sourceTree = "<group>";
		};
		3BC9ECD5295C0373004EFEEF /* Preview Content */ = {
			isa = PBXGroup;
			children = (
				3BC9ECD6295C0373004EFEEF /* Preview Assets.xcassets */,
			);
			path = "Preview Content";
			sourceTree = "<group>";
		};
		3BC9ECDD295C0399004EFEEF /* View */ = {
			isa = PBXGroup;
			children = (
				3B7A93CF2A6E36A000DE3589 /* NoteViews */,
				3BC9ED0C295EE4F4004EFEEF /* Profile */,
				3B7A93CC2A6E16DE00DE3589 /* TripViews */,
				3B7AD1F82A6CE9B900FBEBCA /* HurdViews */,
				3B6E292A298F5ACA00A90449 /* PopUps */,
				3B8629F2296BF3720077DB92 /* Onboarding */,
				3BC9ED01295ED40B004EFEEF /* TabBarViews */,
				3BC9ED16295FF829004EFEEF /* HurdSlidingTabView.swift */,
				3B5B86932A70B48200569F89 /* TripComponentView.swift */,
				3B4F6AB22A998A23003699ED /* UpdatePasswordView.swift */,
				3B4F6AB42A99D5D6003699ED /* UpdateEmailView.swift */,
			);
			path = View;
			sourceTree = "<group>";
		};
		3BC9ECDE295C03A0004EFEEF /* Model */ = {
			isa = PBXGroup;
			children = (
				3BC9ECE5295C0924004EFEEF /* HurdButtonModel.swift */,
				3B530CCD2967E942002C272B /* AuthCredentials.swift */,
				3B8629F9296E604A0077DB92 /* User.swift */,
				3B6E292F2991F7C500A90449 /* UnSplashResponseModel.swift */,
			);
			path = Model;
			sourceTree = "<group>";
		};
		3BC9ECDF295C03B0004EFEEF /* ViewModel */ = {
			isa = PBXGroup;
			children = (
				3B530CC82965305F002C272B /* AuthenticationViewModel.swift */,
				3B8629F7296D48600077DB92 /* OnboardingProfileInfoViewModel.swift */,
				3B5C31B32970E4A8001354E6 /* AddTripFormViewModel.swift */,
				3B5C31BB2972957A001354E6 /* TripDetailViewModel.swift */,
				3B5C31BD29736965001354E6 /* ProfileViewModel.swift */,
				3B603F142975B00A00E01D99 /* TripsViewModel.swift */,
				3BC9ED11295FB2F6004EFEEF /* TripDetailViewModelOLD.swift */,
				3B823FC0299F36CB00639D04 /* TripSettingsViewModel.swift */,
				3B5B86952A70B8DF00569F89 /* LinkViewModel.swift */,
			);
			path = ViewModel;
			sourceTree = "<group>";
		};
		3BC9ECE0295C03E8004EFEEF /* extensions */ = {
			isa = PBXGroup;
			children = (
				3B3F682529C41BA600FBC7B6 /* PhoneNumberFormatter.swift */,
				3BC9ECE1295C0464004EFEEF /* Color+Extensions.swift */,
				3B3F682729C555F400FBC7B6 /* Publishers+Extensions.swift */,
				3B3F682929C556D600FBC7B6 /* Notifications+Extensions.swift */,
				3B3F682B29C559B700FBC7B6 /* AdaptsToKeyboard.swift */,
				3BE06D232A90735900A7D61F /* String+Extensions.swift */,
			);
			path = extensions;
			sourceTree = "<group>";
		};
		3BC9ED01295ED40B004EFEEF /* TabBarViews */ = {
			isa = PBXGroup;
			children = (
				3BC9ED02295ED420004EFEEF /* DiscoveryView.swift */,
				3BC9ED06295ED43F004EFEEF /* TripView.swift */,
				3BC9ED0A295ED472004EFEEF /* ProfileView.swift */,
			);
			path = TabBarViews;
			sourceTree = "<group>";
		};
		3BC9ED0C295EE4F4004EFEEF /* Profile */ = {
			isa = PBXGroup;
			children = (
				3B4EB276297BEB1D008C26EF /* EditProfileView.swift */,
			);
			path = Profile;
			sourceTree = "<group>";
		};
		3BD769C02A061915009A27AC /* HurdTravelTests */ = {
			isa = PBXGroup;
			children = (
				3BD769C12A061915009A27AC /* HurdTravelTests.swift */,
			);
			path = HurdTravelTests;
			sourceTree = "<group>";
		};
/* End PBXGroup section */

/* Begin PBXNativeTarget section */
		3B4BCCAC2A5B6209002ED2E3 /* Hurdtravel WidgetExtension */ = {
			isa = PBXNativeTarget;
			buildConfigurationList = 3B4BCCC62A5B620B002ED2E3 /* Build configuration list for PBXNativeTarget "Hurdtravel WidgetExtension" */;
			buildPhases = (
				3B4BCCA92A5B6209002ED2E3 /* Sources */,
				3B4BCCAA2A5B6209002ED2E3 /* Frameworks */,
				3B4BCCAB2A5B6209002ED2E3 /* Resources */,
			);
			buildRules = (
			);
			dependencies = (
			);
			name = "Hurdtravel WidgetExtension";
			productName = "Hurdtravel WidgetExtension";
			productReference = 3B4BCCAD2A5B6209002ED2E3 /* Hurdtravel WidgetExtension.appex */;
			productType = "com.apple.product-type.app-extension";
		};
		3BC9ECCB295C0372004EFEEF /* HurdTravel */ = {
			isa = PBXNativeTarget;
			buildConfigurationList = 3BC9ECDA295C0373004EFEEF /* Build configuration list for PBXNativeTarget "HurdTravel" */;
			buildPhases = (
				3BC9ECC8295C0372004EFEEF /* Sources */,
				3BC9ECC9295C0372004EFEEF /* Frameworks */,
				3BC9ECCA295C0372004EFEEF /* Resources */,
				3B4BCCC32A5B620B002ED2E3 /* Embed Foundation Extensions */,
			);
			buildRules = (
			);
			dependencies = (
				3B4BCCC12A5B620B002ED2E3 /* PBXTargetDependency */,
			);
			name = HurdTravel;
			packageProductDependencies = (
				3BC9ED14295FEC8E004EFEEF /* SlidingTabView */,
				3B530CA1296234E8002C272B /* FirebaseAnalytics */,
				3B530CA3296234E8002C272B /* FirebaseAnalyticsSwift */,
				3B530CA5296234E8002C272B /* FirebaseAppCheck */,
				3B530CA7296234E8002C272B /* FirebaseAuth */,
				3B530CA9296234E8002C272B /* FirebaseAuthCombine-Community */,
				3B530CAB296234E8002C272B /* FirebaseCrashlytics */,
				3B530CAD296234E8002C272B /* FirebaseDynamicLinks */,
				3B530CAF296234E8002C272B /* FirebaseFirestore */,
				3B530CB1296234E8002C272B /* FirebaseFirestoreCombine-Community */,
				3B530CB3296234E8002C272B /* FirebaseFirestoreSwift */,
				3B530CB5296234E8002C272B /* FirebaseFunctions */,
				3B530CB7296234E8002C272B /* FirebaseFunctionsCombine-Community */,
				3B530CB9296234E8002C272B /* FirebaseInAppMessaging-Beta */,
				3B530CBB296234E8002C272B /* FirebaseInAppMessagingSwift-Beta */,
				3B530CBD296234E8002C272B /* FirebaseRemoteConfig */,
				3B530CBF296234E8002C272B /* FirebaseRemoteConfigSwift */,
				3B530CC1296234E8002C272B /* FirebaseStorage */,
				3B530CC3296234E8002C272B /* FirebaseStorageCombine-Community */,
				3B4EB2692978D9AB008C26EF /* Alamofire */,
				3B4EB26C297911A9008C26EF /* SkeletonUI */,
				3B4EB26F2979133B008C26EF /* PopupView */,
				3B4EB274297A66C7008C26EF /* Kingfisher */,
				3B5110F52A5FA538004DFD47 /* BranchSDK */,
				3B0093C82A6205610021D5C2 /* FirebaseMessaging */,
				3B4F6AAA2A985568003699ED /* GoogleSignIn */,
				3B4F6AAC2A985568003699ED /* GoogleSignInSwift */,
			);
			productName = Hurd;
			productReference = 3BC9ECCC295C0372004EFEEF /* HurdTravel.app */;
			productType = "com.apple.product-type.application";
		};
		3BD769BE2A061915009A27AC /* HurdTravelTests */ = {
			isa = PBXNativeTarget;
			buildConfigurationList = 3BD769C72A061915009A27AC /* Build configuration list for PBXNativeTarget "HurdTravelTests" */;
			buildPhases = (
				3BD769BB2A061915009A27AC /* Sources */,
				3BD769BC2A061915009A27AC /* Frameworks */,
				3BD769BD2A061915009A27AC /* Resources */,
			);
			buildRules = (
			);
			dependencies = (
				3BD769C42A061915009A27AC /* PBXTargetDependency */,
			);
			name = HurdTravelTests;
			productName = HurdTravelTests;
			productReference = 3BD769BF2A061915009A27AC /* HurdTravelTests.xctest */;
			productType = "com.apple.product-type.bundle.unit-test";
		};
/* End PBXNativeTarget section */

/* Begin PBXProject section */
		3BC9ECC4295C0372004EFEEF /* Project object */ = {
			isa = PBXProject;
			attributes = {
				BuildIndependentTargetsInParallel = 1;
				LastSwiftUpdateCheck = 1430;
				LastUpgradeCheck = 1400;
				TargetAttributes = {
					3B4BCCAC2A5B6209002ED2E3 = {
						CreatedOnToolsVersion = 14.3.1;
					};
					3BC9ECCB295C0372004EFEEF = {
						CreatedOnToolsVersion = 14.0;
					};
					3BD769BE2A061915009A27AC = {
						CreatedOnToolsVersion = 14.3;
						TestTargetID = 3BC9ECCB295C0372004EFEEF;
					};
				};
			};
			buildConfigurationList = 3BC9ECC7295C0372004EFEEF /* Build configuration list for PBXProject "HurdTravel" */;
			compatibilityVersion = "Xcode 14.0";
			developmentRegion = en;
			hasScannedForEncodings = 0;
			knownRegions = (
				en,
				Base,
			);
			mainGroup = 3BC9ECC3295C0372004EFEEF;
			packageReferences = (
				3BC9ED13295FEC8E004EFEEF /* XCRemoteSwiftPackageReference "SlidingTabView" */,
				3B530CA0296234E8002C272B /* XCRemoteSwiftPackageReference "firebase-ios-sdk" */,
				3B4EB2682978D9AB008C26EF /* XCRemoteSwiftPackageReference "Alamofire" */,
				3B4EB26B297911A9008C26EF /* XCRemoteSwiftPackageReference "SkeletonUI" */,
				3B4EB26E2979133B008C26EF /* XCRemoteSwiftPackageReference "PopupView" */,
				3B4EB273297A66C7008C26EF /* XCRemoteSwiftPackageReference "Kingfisher" */,
				3B5110F42A5FA538004DFD47 /* XCRemoteSwiftPackageReference "ios-branch-sdk-spm" */,
				3B4F6AA92A985568003699ED /* XCRemoteSwiftPackageReference "GoogleSignIn-iOS" */,
			);
			productRefGroup = 3BC9ECCD295C0372004EFEEF /* Products */;
			projectDirPath = "";
			projectRoot = "";
			targets = (
				3BC9ECCB295C0372004EFEEF /* HurdTravel */,
				3BD769BE2A061915009A27AC /* HurdTravelTests */,
				3B4BCCAC2A5B6209002ED2E3 /* Hurdtravel WidgetExtension */,
			);
		};
/* End PBXProject section */

/* Begin PBXResourcesBuildPhase section */
		3B4BCCAB2A5B6209002ED2E3 /* Resources */ = {
			isa = PBXResourcesBuildPhase;
			buildActionMask = 2147483647;
			files = (
				3B4BCCBC2A5B620B002ED2E3 /* Assets.xcassets in Resources */,
			);
			runOnlyForDeploymentPostprocessing = 0;
		};
		3BC9ECCA295C0372004EFEEF /* Resources */ = {
			isa = PBXResourcesBuildPhase;
			buildActionMask = 2147483647;
			files = (
				3B0093CB2A621DA40021D5C2 /* Hurdtravel-info.plist in Resources */,
				3BC9ECD7295C0373004EFEEF /* Preview Assets.xcassets in Resources */,
				3BCAC2D929C5889C0007EE57 /* Assets.xcassets in Resources */,
			);
			runOnlyForDeploymentPostprocessing = 0;
		};
		3BD769BD2A061915009A27AC /* Resources */ = {
			isa = PBXResourcesBuildPhase;
			buildActionMask = 2147483647;
			files = (
			);
			runOnlyForDeploymentPostprocessing = 0;
		};
/* End PBXResourcesBuildPhase section */

/* Begin PBXSourcesBuildPhase section */
		3B4BCCA92A5B6209002ED2E3 /* Sources */ = {
			isa = PBXSourcesBuildPhase;
			buildActionMask = 2147483647;
			files = (
				3B4BCCB92A5B6209002ED2E3 /* Hurdtravel_Widget.swift in Sources */,
				3B4BCCB52A5B6209002ED2E3 /* Hurdtravel_WidgetBundle.swift in Sources */,
				3B4BCCB72A5B6209002ED2E3 /* Hurdtravel_WidgetLiveActivity.swift in Sources */,
				3B4BCCBE2A5B620B002ED2E3 /* Hurdtravel_Widget.intentdefinition in Sources */,
			);
			runOnlyForDeploymentPostprocessing = 0;
		};
		3BC9ECC8295C0372004EFEEF /* Sources */ = {
			isa = PBXSourcesBuildPhase;
			buildActionMask = 2147483647;
			files = (
				3B3F682829C555F400FBC7B6 /* Publishers+Extensions.swift in Sources */,
				3B4EB277297BEB1D008C26EF /* EditProfileView.swift in Sources */,
				3BC9ECD2295C0372004EFEEF /* ContentView.swift in Sources */,
				3B7AD1F72A6A39C800FBEBCA /* HurdAdminView.swift in Sources */,
				3BE06D242A90735900A7D61F /* String+Extensions.swift in Sources */,
				3B6E292E2990BE2300A90449 /* TripDateView.swift in Sources */,
				3BC9ED17295FF829004EFEEF /* HurdSlidingTabView.swift in Sources */,
				3BE06D202A90150800A7D61F /* SigninOptionsView.swift in Sources */,
				3B7AD1F52A6A311500FBEBCA /* HurdMemberView.swift in Sources */,
				3B8629FA296E604A0077DB92 /* User.swift in Sources */,
				3BC9ECF0295D4223004EFEEF /* HurdPasswordTextField.swift in Sources */,
				3B4BCCBF2A5B620B002ED2E3 /* Hurdtravel_Widget.intentdefinition in Sources */,
				3B5C31BC2972957B001354E6 /* TripDetailViewModel.swift in Sources */,
				3B0093F32A65C5000021D5C2 /* NetworkCalls.swift in Sources */,
				3B4EB272297A2AA8008C26EF /* AddNoteView.swift in Sources */,
				3B603F152975B00A00E01D99 /* TripsViewModel.swift in Sources */,
				3B7A93CB2A6DA9AB00DE3589 /* HurdManagementView.swift in Sources */,
				3B6E292C298F5AED00A90449 /* SavePopUp.swift in Sources */,
				3B3F682C29C559B700FBC7B6 /* AdaptsToKeyboard.swift in Sources */,
				3B4F6AA32A91C082003699ED /* LoginView.swift in Sources */,
				3B4EB2672977B780008C26EF /* TripNotesView.swift in Sources */,
				3B5B869A2A7D839C00569F89 /* RichLinkPreview.swift in Sources */,
				3B4EB2652977A8C9008C26EF /* NotesView.swift in Sources */,
				3B7A93D02A6F784100DE3589 /* AddTripFormView.swift in Sources */,
				3B5C31B42970E4A8001354E6 /* AddTripFormViewModel.swift in Sources */,
				3B7AD1F32A678C6A00FBEBCA /* Router.swift in Sources */,
				3B0B26252A862CE40031696A /* BroadcastView.swift in Sources */,
				3BC9ED12295FB2F6004EFEEF /* TripDetailViewModelOLD.swift in Sources */,
				3B8629F8296D48600077DB92 /* OnboardingProfileInfoViewModel.swift in Sources */,
				3BC9ED00295D7C2D004EFEEF /* TripPreviewView.swift in Sources */,
				3BC9ED03295ED420004EFEEF /* DiscoveryView.swift in Sources */,
				3B823FC1299F36CB00639D04 /* TripSettingsViewModel.swift in Sources */,
				3BC9ECD0295C0372004EFEEF /* HurdApp.swift in Sources */,
				3B5C31BE29736965001354E6 /* ProfileViewModel.swift in Sources */,
				3B4F6AB52A99D5D6003699ED /* UpdateEmailView.swift in Sources */,
				3B5B86982A7D7BE900569F89 /* RichLinkView.swift in Sources */,
				3BC9ECE2295C0464004EFEEF /* Color+Extensions.swift in Sources */,
				3BC9ED07295ED43F004EFEEF /* TripView.swift in Sources */,
				3B4F6AA52A91C68E003699ED /* LandingView.swift in Sources */,
				3B530CCE2967E942002C272B /* AuthCredentials.swift in Sources */,
				3B5E1C3E29AB3B2B008E8831 /* NoTripView.swift in Sources */,
				3B4F6AB32A998A23003699ED /* UpdatePasswordView.swift in Sources */,
				3B530CC92965305F002C272B /* AuthenticationViewModel.swift in Sources */,
				3B7A93C72A6CEB6100DE3589 /* HurdPreviewView.swift in Sources */,
				3B7A93CE2A6E171C00DE3589 /* TripDetailView.swift in Sources */,
				3B3F682629C41BA600FBC7B6 /* PhoneNumberFormatter.swift in Sources */,
				3B530CC7296237D2002C272B /* AuthenticationMethods.swift in Sources */,
				3B3F682A29C556D600FBC7B6 /* Notifications+Extensions.swift in Sources */,
				3B6E29302991F7C500A90449 /* UnSplashResponseModel.swift in Sources */,
				3B5BED2929FE32EF0028C793 /* ImagePicker.swift in Sources */,
				3B823FBF299F32AE00639D04 /* TripSettingsView.swift in Sources */,
				3BE06D222A90537100A7D61F /* SignUpView.swift in Sources */,
				3BC9ECE6295C0924004EFEEF /* HurdButtonModel.swift in Sources */,
				3BC9ECF6295D5C5E004EFEEF /* HurdTextField.swift in Sources */,
				3B5B86942A70B48200569F89 /* TripComponentView.swift in Sources */,
				3B7A93C92A6D927700DE3589 /* HurdFeedPreviewView.swift in Sources */,
				3B5B86962A70B8DF00569F89 /* LinkViewModel.swift in Sources */,
				3B530CCC2967BDE3002C272B /* AppConstants.swift in Sources */,
				3B8629F6296D166C0077DB92 /* OnboardingProfileInfoView.swift in Sources */,
				3BC9ED0B295ED472004EFEEF /* ProfileView.swift in Sources */,
				3B51110A2A5FA897004DFD47 /* AppDelegate.swift in Sources */,
				3BE57A47298501C40099D7E4 /* SignInWithAppleButtonView.swift in Sources */,
			);
			runOnlyForDeploymentPostprocessing = 0;
		};
		3BD769BB2A061915009A27AC /* Sources */ = {
			isa = PBXSourcesBuildPhase;
			buildActionMask = 2147483647;
			files = (
				3BD769C22A061915009A27AC /* HurdTravelTests.swift in Sources */,
			);
			runOnlyForDeploymentPostprocessing = 0;
		};
/* End PBXSourcesBuildPhase section */

/* Begin PBXTargetDependency section */
		3B4BCCC12A5B620B002ED2E3 /* PBXTargetDependency */ = {
			isa = PBXTargetDependency;
			target = 3B4BCCAC2A5B6209002ED2E3 /* Hurdtravel WidgetExtension */;
			targetProxy = 3B4BCCC02A5B620B002ED2E3 /* PBXContainerItemProxy */;
		};
		3BD769C42A061915009A27AC /* PBXTargetDependency */ = {
			isa = PBXTargetDependency;
			target = 3BC9ECCB295C0372004EFEEF /* HurdTravel */;
			targetProxy = 3BD769C32A061915009A27AC /* PBXContainerItemProxy */;
		};
/* End PBXTargetDependency section */

/* Begin XCBuildConfiguration section */
		3B4BCCC42A5B620B002ED2E3 /* Debug */ = {
			isa = XCBuildConfiguration;
			buildSettings = {
				ASSETCATALOG_COMPILER_GLOBAL_ACCENT_COLOR_NAME = AccentColor;
				ASSETCATALOG_COMPILER_WIDGET_BACKGROUND_COLOR_NAME = WidgetBackground;
				CLANG_CXX_LANGUAGE_STANDARD = "gnu++20";
				CODE_SIGN_ENTITLEMENTS = "Hurdtravel WidgetExtension.entitlements";
				CODE_SIGN_STYLE = Automatic;
				CURRENT_PROJECT_VERSION = 1;
				DEVELOPMENT_TEAM = 4D9Z74XGM7;
				GENERATE_INFOPLIST_FILE = YES;
				INFOPLIST_FILE = "Hurdtravel Widget/Info.plist";
				INFOPLIST_KEY_CFBundleDisplayName = "Hurdtravel Widget";
				INFOPLIST_KEY_NSHumanReadableCopyright = "";
				IPHONEOS_DEPLOYMENT_TARGET = 16.4;
				LD_RUNPATH_SEARCH_PATHS = (
					"$(inherited)",
					"@executable_path/Frameworks",
					"@executable_path/../../Frameworks",
				);
				MARKETING_VERSION = 1.1;
				PRODUCT_BUNDLE_IDENTIFIER = "com.HCHO.Hurd.Hurdtravel-Widget";
				PRODUCT_NAME = "$(TARGET_NAME)";
				SKIP_INSTALL = YES;
				SUPPORTED_PLATFORMS = "iphoneos iphonesimulator";
				SUPPORTS_MACCATALYST = NO;
				SUPPORTS_MAC_DESIGNED_FOR_IPHONE_IPAD = NO;
				SUPPORTS_XR_DESIGNED_FOR_IPHONE_IPAD = NO;
				SWIFT_EMIT_LOC_STRINGS = YES;
				SWIFT_VERSION = 5.0;
				TARGETED_DEVICE_FAMILY = 1;
			};
			name = Debug;
		};
		3B4BCCC52A5B620B002ED2E3 /* Release */ = {
			isa = XCBuildConfiguration;
			buildSettings = {
				ASSETCATALOG_COMPILER_GLOBAL_ACCENT_COLOR_NAME = AccentColor;
				ASSETCATALOG_COMPILER_WIDGET_BACKGROUND_COLOR_NAME = WidgetBackground;
				CLANG_CXX_LANGUAGE_STANDARD = "gnu++20";
				CODE_SIGN_ENTITLEMENTS = "Hurdtravel WidgetExtension.entitlements";
				CODE_SIGN_STYLE = Automatic;
				CURRENT_PROJECT_VERSION = 1;
				DEVELOPMENT_TEAM = 4D9Z74XGM7;
				GENERATE_INFOPLIST_FILE = YES;
				INFOPLIST_FILE = "Hurdtravel Widget/Info.plist";
				INFOPLIST_KEY_CFBundleDisplayName = "Hurdtravel Widget";
				INFOPLIST_KEY_NSHumanReadableCopyright = "";
				IPHONEOS_DEPLOYMENT_TARGET = 16.4;
				LD_RUNPATH_SEARCH_PATHS = (
					"$(inherited)",
					"@executable_path/Frameworks",
					"@executable_path/../../Frameworks",
				);
				MARKETING_VERSION = 1.1;
				PRODUCT_BUNDLE_IDENTIFIER = "com.HCHO.Hurd.Hurdtravel-Widget";
				PRODUCT_NAME = "$(TARGET_NAME)";
				SKIP_INSTALL = YES;
				SUPPORTED_PLATFORMS = "iphoneos iphonesimulator";
				SUPPORTS_MACCATALYST = NO;
				SUPPORTS_MAC_DESIGNED_FOR_IPHONE_IPAD = NO;
				SUPPORTS_XR_DESIGNED_FOR_IPHONE_IPAD = NO;
				SWIFT_EMIT_LOC_STRINGS = YES;
				SWIFT_VERSION = 5.0;
				TARGETED_DEVICE_FAMILY = 1;
			};
			name = Release;
		};
		3BC9ECD8295C0373004EFEEF /* Debug */ = {
			isa = XCBuildConfiguration;
			buildSettings = {
				ALWAYS_SEARCH_USER_PATHS = NO;
				CLANG_ANALYZER_NONNULL = YES;
				CLANG_ANALYZER_NUMBER_OBJECT_CONVERSION = YES_AGGRESSIVE;
				CLANG_CXX_LANGUAGE_STANDARD = "gnu++17";
				CLANG_ENABLE_MODULES = YES;
				CLANG_ENABLE_OBJC_ARC = YES;
				CLANG_ENABLE_OBJC_WEAK = YES;
				CLANG_WARN_BLOCK_CAPTURE_AUTORELEASING = YES;
				CLANG_WARN_BOOL_CONVERSION = YES;
				CLANG_WARN_COMMA = YES;
				CLANG_WARN_CONSTANT_CONVERSION = YES;
				CLANG_WARN_DEPRECATED_OBJC_IMPLEMENTATIONS = YES;
				CLANG_WARN_DIRECT_OBJC_ISA_USAGE = YES_ERROR;
				CLANG_WARN_DOCUMENTATION_COMMENTS = YES;
				CLANG_WARN_EMPTY_BODY = YES;
				CLANG_WARN_ENUM_CONVERSION = YES;
				CLANG_WARN_INFINITE_RECURSION = YES;
				CLANG_WARN_INT_CONVERSION = YES;
				CLANG_WARN_NON_LITERAL_NULL_CONVERSION = YES;
				CLANG_WARN_OBJC_IMPLICIT_RETAIN_SELF = YES;
				CLANG_WARN_OBJC_LITERAL_CONVERSION = YES;
				CLANG_WARN_OBJC_ROOT_CLASS = YES_ERROR;
				CLANG_WARN_QUOTED_INCLUDE_IN_FRAMEWORK_HEADER = YES;
				CLANG_WARN_RANGE_LOOP_ANALYSIS = YES;
				CLANG_WARN_STRICT_PROTOTYPES = YES;
				CLANG_WARN_SUSPICIOUS_MOVE = YES;
				CLANG_WARN_UNGUARDED_AVAILABILITY = YES_AGGRESSIVE;
				CLANG_WARN_UNREACHABLE_CODE = YES;
				CLANG_WARN__DUPLICATE_METHOD_MATCH = YES;
				COPY_PHASE_STRIP = NO;
				DEBUG_INFORMATION_FORMAT = dwarf;
				ENABLE_STRICT_OBJC_MSGSEND = YES;
				ENABLE_TESTABILITY = YES;
				GCC_C_LANGUAGE_STANDARD = gnu11;
				GCC_DYNAMIC_NO_PIC = NO;
				GCC_NO_COMMON_BLOCKS = YES;
				GCC_OPTIMIZATION_LEVEL = 0;
				GCC_PREPROCESSOR_DEFINITIONS = (
					"DEBUG=1",
					"$(inherited)",
				);
				GCC_WARN_64_TO_32_BIT_CONVERSION = YES;
				GCC_WARN_ABOUT_RETURN_TYPE = YES_ERROR;
				GCC_WARN_UNDECLARED_SELECTOR = YES;
				GCC_WARN_UNINITIALIZED_AUTOS = YES_AGGRESSIVE;
				GCC_WARN_UNUSED_FUNCTION = YES;
				GCC_WARN_UNUSED_VARIABLE = YES;
				IPHONEOS_DEPLOYMENT_TARGET = 16.4;
				MTL_ENABLE_DEBUG_INFO = INCLUDE_SOURCE;
				MTL_FAST_MATH = YES;
				ONLY_ACTIVE_ARCH = YES;
				SDKROOT = iphoneos;
				SWIFT_ACTIVE_COMPILATION_CONDITIONS = DEBUG;
				SWIFT_OPTIMIZATION_LEVEL = "-Onone";
			};
			name = Debug;
		};
		3BC9ECD9295C0373004EFEEF /* Release */ = {
			isa = XCBuildConfiguration;
			buildSettings = {
				ALWAYS_SEARCH_USER_PATHS = NO;
				CLANG_ANALYZER_NONNULL = YES;
				CLANG_ANALYZER_NUMBER_OBJECT_CONVERSION = YES_AGGRESSIVE;
				CLANG_CXX_LANGUAGE_STANDARD = "gnu++17";
				CLANG_ENABLE_MODULES = YES;
				CLANG_ENABLE_OBJC_ARC = YES;
				CLANG_ENABLE_OBJC_WEAK = YES;
				CLANG_WARN_BLOCK_CAPTURE_AUTORELEASING = YES;
				CLANG_WARN_BOOL_CONVERSION = YES;
				CLANG_WARN_COMMA = YES;
				CLANG_WARN_CONSTANT_CONVERSION = YES;
				CLANG_WARN_DEPRECATED_OBJC_IMPLEMENTATIONS = YES;
				CLANG_WARN_DIRECT_OBJC_ISA_USAGE = YES_ERROR;
				CLANG_WARN_DOCUMENTATION_COMMENTS = YES;
				CLANG_WARN_EMPTY_BODY = YES;
				CLANG_WARN_ENUM_CONVERSION = YES;
				CLANG_WARN_INFINITE_RECURSION = YES;
				CLANG_WARN_INT_CONVERSION = YES;
				CLANG_WARN_NON_LITERAL_NULL_CONVERSION = YES;
				CLANG_WARN_OBJC_IMPLICIT_RETAIN_SELF = YES;
				CLANG_WARN_OBJC_LITERAL_CONVERSION = YES;
				CLANG_WARN_OBJC_ROOT_CLASS = YES_ERROR;
				CLANG_WARN_QUOTED_INCLUDE_IN_FRAMEWORK_HEADER = YES;
				CLANG_WARN_RANGE_LOOP_ANALYSIS = YES;
				CLANG_WARN_STRICT_PROTOTYPES = YES;
				CLANG_WARN_SUSPICIOUS_MOVE = YES;
				CLANG_WARN_UNGUARDED_AVAILABILITY = YES_AGGRESSIVE;
				CLANG_WARN_UNREACHABLE_CODE = YES;
				CLANG_WARN__DUPLICATE_METHOD_MATCH = YES;
				COPY_PHASE_STRIP = NO;
				DEBUG_INFORMATION_FORMAT = "dwarf-with-dsym";
				ENABLE_NS_ASSERTIONS = NO;
				ENABLE_STRICT_OBJC_MSGSEND = YES;
				GCC_C_LANGUAGE_STANDARD = gnu11;
				GCC_NO_COMMON_BLOCKS = YES;
				GCC_WARN_64_TO_32_BIT_CONVERSION = YES;
				GCC_WARN_ABOUT_RETURN_TYPE = YES_ERROR;
				GCC_WARN_UNDECLARED_SELECTOR = YES;
				GCC_WARN_UNINITIALIZED_AUTOS = YES_AGGRESSIVE;
				GCC_WARN_UNUSED_FUNCTION = YES;
				GCC_WARN_UNUSED_VARIABLE = YES;
				IPHONEOS_DEPLOYMENT_TARGET = 16.4;
				MTL_ENABLE_DEBUG_INFO = NO;
				MTL_FAST_MATH = YES;
				SDKROOT = iphoneos;
				SWIFT_COMPILATION_MODE = wholemodule;
				SWIFT_OPTIMIZATION_LEVEL = "-O";
				VALIDATE_PRODUCT = YES;
			};
			name = Release;
		};
		3BC9ECDB295C0373004EFEEF /* Debug */ = {
			isa = XCBuildConfiguration;
			buildSettings = {
				ALWAYS_EMBED_SWIFT_STANDARD_LIBRARIES = YES;
				ASSETCATALOG_COMPILER_APPICON_NAME = AppIcon;
				ASSETCATALOG_COMPILER_GLOBAL_ACCENT_COLOR_NAME = AccentColor;
				CODE_SIGN_ENTITLEMENTS = Hurd/HurdDebug.entitlements;
				CODE_SIGN_STYLE = Automatic;
				CURRENT_PROJECT_VERSION = 1;
				DEVELOPMENT_ASSET_PATHS = "\"Hurd/Preview Content\"";
				DEVELOPMENT_TEAM = 4D9Z74XGM7;
				ENABLE_PREVIEWS = YES;
				GENERATE_INFOPLIST_FILE = YES;
				INFOPLIST_FILE = "HurdTravel-Info.plist";
				INFOPLIST_KEY_NSPhotoLibraryUsageDescription = "App needs Access to photos for profile image";
				INFOPLIST_KEY_UIApplicationSceneManifest_Generation = YES;
				INFOPLIST_KEY_UIApplicationSupportsIndirectInputEvents = YES;
				INFOPLIST_KEY_UILaunchScreen_Generation = YES;
				INFOPLIST_KEY_UISupportedInterfaceOrientations_iPad = "UIInterfaceOrientationPortrait UIInterfaceOrientationPortraitUpsideDown UIInterfaceOrientationLandscapeLeft UIInterfaceOrientationLandscapeRight";
				INFOPLIST_KEY_UISupportedInterfaceOrientations_iPhone = "UIInterfaceOrientationPortrait UIInterfaceOrientationLandscapeLeft UIInterfaceOrientationLandscapeRight";
				IPHONEOS_DEPLOYMENT_TARGET = 16.4;
				LD_RUNPATH_SEARCH_PATHS = (
					"$(inherited)",
					"@executable_path/Frameworks",
				);
				MARKETING_VERSION = 1.1;
				PRODUCT_BUNDLE_IDENTIFIER = com.HCHO.Hurd;
				PRODUCT_NAME = "$(TARGET_NAME)";
				SUPPORTED_PLATFORMS = "iphoneos iphonesimulator";
				SUPPORTS_MACCATALYST = NO;
				SUPPORTS_MAC_DESIGNED_FOR_IPHONE_IPAD = NO;
				SUPPORTS_XR_DESIGNED_FOR_IPHONE_IPAD = NO;
				SWIFT_EMIT_LOC_STRINGS = YES;
				SWIFT_VERSION = 5.0;
				TARGETED_DEVICE_FAMILY = 1;
			};
			name = Debug;
		};
		3BC9ECDC295C0373004EFEEF /* Release */ = {
			isa = XCBuildConfiguration;
			buildSettings = {
				ALWAYS_EMBED_SWIFT_STANDARD_LIBRARIES = YES;
				ASSETCATALOG_COMPILER_APPICON_NAME = AppIcon;
				ASSETCATALOG_COMPILER_GLOBAL_ACCENT_COLOR_NAME = AccentColor;
				CODE_SIGN_ENTITLEMENTS = HurdTravel.entitlements;
				CODE_SIGN_STYLE = Automatic;
				CURRENT_PROJECT_VERSION = 1;
				DEVELOPMENT_ASSET_PATHS = "\"Hurd/Preview Content\"";
				DEVELOPMENT_TEAM = 4D9Z74XGM7;
				ENABLE_PREVIEWS = YES;
				GENERATE_INFOPLIST_FILE = YES;
				INFOPLIST_FILE = "HurdTravel-Info.plist";
				INFOPLIST_KEY_NSPhotoLibraryUsageDescription = "App needs Access to photos for profile image";
				INFOPLIST_KEY_UIApplicationSceneManifest_Generation = YES;
				INFOPLIST_KEY_UIApplicationSupportsIndirectInputEvents = YES;
				INFOPLIST_KEY_UILaunchScreen_Generation = YES;
				INFOPLIST_KEY_UISupportedInterfaceOrientations_iPad = "UIInterfaceOrientationPortrait UIInterfaceOrientationPortraitUpsideDown UIInterfaceOrientationLandscapeLeft UIInterfaceOrientationLandscapeRight";
				INFOPLIST_KEY_UISupportedInterfaceOrientations_iPhone = "UIInterfaceOrientationPortrait UIInterfaceOrientationLandscapeLeft UIInterfaceOrientationLandscapeRight";
				IPHONEOS_DEPLOYMENT_TARGET = 16.4;
				LD_RUNPATH_SEARCH_PATHS = (
					"$(inherited)",
					"@executable_path/Frameworks",
				);
				MARKETING_VERSION = 1.1;
				PRODUCT_BUNDLE_IDENTIFIER = com.HCHO.Hurd;
				PRODUCT_NAME = "$(TARGET_NAME)";
				SUPPORTED_PLATFORMS = "iphoneos iphonesimulator";
				SUPPORTS_MACCATALYST = NO;
				SUPPORTS_MAC_DESIGNED_FOR_IPHONE_IPAD = NO;
				SUPPORTS_XR_DESIGNED_FOR_IPHONE_IPAD = NO;
				SWIFT_EMIT_LOC_STRINGS = YES;
				SWIFT_VERSION = 5.0;
				TARGETED_DEVICE_FAMILY = 1;
			};
			name = Release;
		};
		3BD769C52A061915009A27AC /* Debug */ = {
			isa = XCBuildConfiguration;
			buildSettings = {
				BUNDLE_LOADER = "$(TEST_HOST)";
				CLANG_CXX_LANGUAGE_STANDARD = "gnu++20";
				CODE_SIGN_STYLE = Automatic;
				CURRENT_PROJECT_VERSION = 1;
				DEVELOPMENT_TEAM = 4D9Z74XGM7;
				GENERATE_INFOPLIST_FILE = YES;
				IPHONEOS_DEPLOYMENT_TARGET = 16.4;
				MARKETING_VERSION = 1.0;
				PRODUCT_BUNDLE_IDENTIFIER = com.HCHO.HurdTravelTests;
				PRODUCT_NAME = "$(TARGET_NAME)";
				SUPPORTED_PLATFORMS = "iphoneos iphonesimulator";
				SUPPORTS_MACCATALYST = NO;
				SUPPORTS_MAC_DESIGNED_FOR_IPHONE_IPAD = NO;
				SWIFT_EMIT_LOC_STRINGS = NO;
				SWIFT_VERSION = 5.0;
				TARGETED_DEVICE_FAMILY = 1;
				TEST_HOST = "$(BUILT_PRODUCTS_DIR)/HurdTravel.app/$(BUNDLE_EXECUTABLE_FOLDER_PATH)/HurdTravel";
			};
			name = Debug;
		};
		3BD769C62A061915009A27AC /* Release */ = {
			isa = XCBuildConfiguration;
			buildSettings = {
				BUNDLE_LOADER = "$(TEST_HOST)";
				CLANG_CXX_LANGUAGE_STANDARD = "gnu++20";
				CODE_SIGN_STYLE = Automatic;
				CURRENT_PROJECT_VERSION = 1;
				DEVELOPMENT_TEAM = 4D9Z74XGM7;
				GENERATE_INFOPLIST_FILE = YES;
				IPHONEOS_DEPLOYMENT_TARGET = 16.4;
				MARKETING_VERSION = 1.0;
				PRODUCT_BUNDLE_IDENTIFIER = com.HCHO.HurdTravelTests;
				PRODUCT_NAME = "$(TARGET_NAME)";
				SUPPORTED_PLATFORMS = "iphoneos iphonesimulator";
				SUPPORTS_MACCATALYST = NO;
				SUPPORTS_MAC_DESIGNED_FOR_IPHONE_IPAD = NO;
				SWIFT_EMIT_LOC_STRINGS = NO;
				SWIFT_VERSION = 5.0;
				TARGETED_DEVICE_FAMILY = 1;
				TEST_HOST = "$(BUILT_PRODUCTS_DIR)/HurdTravel.app/$(BUNDLE_EXECUTABLE_FOLDER_PATH)/HurdTravel";
			};
			name = Release;
		};
/* End XCBuildConfiguration section */

/* Begin XCConfigurationList section */
		3B4BCCC62A5B620B002ED2E3 /* Build configuration list for PBXNativeTarget "Hurdtravel WidgetExtension" */ = {
			isa = XCConfigurationList;
			buildConfigurations = (
				3B4BCCC42A5B620B002ED2E3 /* Debug */,
				3B4BCCC52A5B620B002ED2E3 /* Release */,
			);
			defaultConfigurationIsVisible = 0;
			defaultConfigurationName = Release;
		};
		3BC9ECC7295C0372004EFEEF /* Build configuration list for PBXProject "HurdTravel" */ = {
			isa = XCConfigurationList;
			buildConfigurations = (
				3BC9ECD8295C0373004EFEEF /* Debug */,
				3BC9ECD9295C0373004EFEEF /* Release */,
			);
			defaultConfigurationIsVisible = 0;
			defaultConfigurationName = Release;
		};
		3BC9ECDA295C0373004EFEEF /* Build configuration list for PBXNativeTarget "HurdTravel" */ = {
			isa = XCConfigurationList;
			buildConfigurations = (
				3BC9ECDB295C0373004EFEEF /* Debug */,
				3BC9ECDC295C0373004EFEEF /* Release */,
			);
			defaultConfigurationIsVisible = 0;
			defaultConfigurationName = Release;
		};
		3BD769C72A061915009A27AC /* Build configuration list for PBXNativeTarget "HurdTravelTests" */ = {
			isa = XCConfigurationList;
			buildConfigurations = (
				3BD769C52A061915009A27AC /* Debug */,
				3BD769C62A061915009A27AC /* Release */,
			);
			defaultConfigurationIsVisible = 0;
			defaultConfigurationName = Release;
		};
/* End XCConfigurationList section */

/* Begin XCRemoteSwiftPackageReference section */
		3B4EB2682978D9AB008C26EF /* XCRemoteSwiftPackageReference "Alamofire" */ = {
			isa = XCRemoteSwiftPackageReference;
			repositoryURL = "https://github.com/Alamofire/Alamofire.git";
			requirement = {
				branch = master;
				kind = branch;
			};
		};
		3B4EB26B297911A9008C26EF /* XCRemoteSwiftPackageReference "SkeletonUI" */ = {
			isa = XCRemoteSwiftPackageReference;
			repositoryURL = "https://github.com/CSolanaM/SkeletonUI";
			requirement = {
				kind = upToNextMajorVersion;
				minimumVersion = 1.0.0;
			};
		};
		3B4EB26E2979133B008C26EF /* XCRemoteSwiftPackageReference "PopupView" */ = {
			isa = XCRemoteSwiftPackageReference;
			repositoryURL = "https://github.com/exyte/PopupView";
			requirement = {
				kind = upToNextMajorVersion;
				minimumVersion = 2.0.0;
			};
		};
		3B4EB273297A66C7008C26EF /* XCRemoteSwiftPackageReference "Kingfisher" */ = {
			isa = XCRemoteSwiftPackageReference;
			repositoryURL = "https://github.com/onevcat/Kingfisher.git";
			requirement = {
				branch = master;
				kind = branch;
			};
		};
		3B4F6AA92A985568003699ED /* XCRemoteSwiftPackageReference "GoogleSignIn-iOS" */ = {
			isa = XCRemoteSwiftPackageReference;
			repositoryURL = "https://github.com/google/GoogleSignIn-iOS.git";
			requirement = {
				kind = upToNextMajorVersion;
				minimumVersion = 7.0.0;
			};
		};
		3B5110F42A5FA538004DFD47 /* XCRemoteSwiftPackageReference "ios-branch-sdk-spm" */ = {
			isa = XCRemoteSwiftPackageReference;
			repositoryURL = "https://github.com/BranchMetrics/ios-branch-sdk-spm";
			requirement = {
				kind = upToNextMajorVersion;
				minimumVersion = 2.0.0;
			};
		};
		3B530CA0296234E8002C272B /* XCRemoteSwiftPackageReference "firebase-ios-sdk" */ = {
			isa = XCRemoteSwiftPackageReference;
			repositoryURL = "https://github.com/firebase/firebase-ios-sdk";
			requirement = {
				branch = master;
				kind = branch;
			};
		};
		3BC9ED13295FEC8E004EFEEF /* XCRemoteSwiftPackageReference "SlidingTabView" */ = {
			isa = XCRemoteSwiftPackageReference;
			repositoryURL = "https://github.com/QuynhNguyen/SlidingTabView.git";
			requirement = {
				kind = upToNextMajorVersion;
				minimumVersion = 1.0.0;
			};
		};
/* End XCRemoteSwiftPackageReference section */

/* Begin XCSwiftPackageProductDependency section */
		3B0093C82A6205610021D5C2 /* FirebaseMessaging */ = {
			isa = XCSwiftPackageProductDependency;
			package = 3B530CA0296234E8002C272B /* XCRemoteSwiftPackageReference "firebase-ios-sdk" */;
			productName = FirebaseMessaging;
		};
		3B4EB2692978D9AB008C26EF /* Alamofire */ = {
			isa = XCSwiftPackageProductDependency;
			package = 3B4EB2682978D9AB008C26EF /* XCRemoteSwiftPackageReference "Alamofire" */;
			productName = Alamofire;
		};
		3B4EB26C297911A9008C26EF /* SkeletonUI */ = {
			isa = XCSwiftPackageProductDependency;
			package = 3B4EB26B297911A9008C26EF /* XCRemoteSwiftPackageReference "SkeletonUI" */;
			productName = SkeletonUI;
		};
		3B4EB26F2979133B008C26EF /* PopupView */ = {
			isa = XCSwiftPackageProductDependency;
			package = 3B4EB26E2979133B008C26EF /* XCRemoteSwiftPackageReference "PopupView" */;
			productName = PopupView;
		};
		3B4EB274297A66C7008C26EF /* Kingfisher */ = {
			isa = XCSwiftPackageProductDependency;
			package = 3B4EB273297A66C7008C26EF /* XCRemoteSwiftPackageReference "Kingfisher" */;
			productName = Kingfisher;
		};
		3B4F6AAA2A985568003699ED /* GoogleSignIn */ = {
			isa = XCSwiftPackageProductDependency;
			package = 3B4F6AA92A985568003699ED /* XCRemoteSwiftPackageReference "GoogleSignIn-iOS" */;
			productName = GoogleSignIn;
		};
		3B4F6AAC2A985568003699ED /* GoogleSignInSwift */ = {
			isa = XCSwiftPackageProductDependency;
			package = 3B4F6AA92A985568003699ED /* XCRemoteSwiftPackageReference "GoogleSignIn-iOS" */;
			productName = GoogleSignInSwift;
		};
		3B5110F52A5FA538004DFD47 /* BranchSDK */ = {
			isa = XCSwiftPackageProductDependency;
			package = 3B5110F42A5FA538004DFD47 /* XCRemoteSwiftPackageReference "ios-branch-sdk-spm" */;
			productName = BranchSDK;
		};
		3B530CA1296234E8002C272B /* FirebaseAnalytics */ = {
			isa = XCSwiftPackageProductDependency;
			package = 3B530CA0296234E8002C272B /* XCRemoteSwiftPackageReference "firebase-ios-sdk" */;
			productName = FirebaseAnalytics;
		};
		3B530CA3296234E8002C272B /* FirebaseAnalyticsSwift */ = {
			isa = XCSwiftPackageProductDependency;
			package = 3B530CA0296234E8002C272B /* XCRemoteSwiftPackageReference "firebase-ios-sdk" */;
			productName = FirebaseAnalyticsSwift;
		};
		3B530CA5296234E8002C272B /* FirebaseAppCheck */ = {
			isa = XCSwiftPackageProductDependency;
			package = 3B530CA0296234E8002C272B /* XCRemoteSwiftPackageReference "firebase-ios-sdk" */;
			productName = FirebaseAppCheck;
		};
		3B530CA7296234E8002C272B /* FirebaseAuth */ = {
			isa = XCSwiftPackageProductDependency;
			package = 3B530CA0296234E8002C272B /* XCRemoteSwiftPackageReference "firebase-ios-sdk" */;
			productName = FirebaseAuth;
		};
		3B530CA9296234E8002C272B /* FirebaseAuthCombine-Community */ = {
			isa = XCSwiftPackageProductDependency;
			package = 3B530CA0296234E8002C272B /* XCRemoteSwiftPackageReference "firebase-ios-sdk" */;
			productName = "FirebaseAuthCombine-Community";
		};
		3B530CAB296234E8002C272B /* FirebaseCrashlytics */ = {
			isa = XCSwiftPackageProductDependency;
			package = 3B530CA0296234E8002C272B /* XCRemoteSwiftPackageReference "firebase-ios-sdk" */;
			productName = FirebaseCrashlytics;
		};
		3B530CAD296234E8002C272B /* FirebaseDynamicLinks */ = {
			isa = XCSwiftPackageProductDependency;
			package = 3B530CA0296234E8002C272B /* XCRemoteSwiftPackageReference "firebase-ios-sdk" */;
			productName = FirebaseDynamicLinks;
		};
		3B530CAF296234E8002C272B /* FirebaseFirestore */ = {
			isa = XCSwiftPackageProductDependency;
			package = 3B530CA0296234E8002C272B /* XCRemoteSwiftPackageReference "firebase-ios-sdk" */;
			productName = FirebaseFirestore;
		};
		3B530CB1296234E8002C272B /* FirebaseFirestoreCombine-Community */ = {
			isa = XCSwiftPackageProductDependency;
			package = 3B530CA0296234E8002C272B /* XCRemoteSwiftPackageReference "firebase-ios-sdk" */;
			productName = "FirebaseFirestoreCombine-Community";
		};
		3B530CB3296234E8002C272B /* FirebaseFirestoreSwift */ = {
			isa = XCSwiftPackageProductDependency;
			package = 3B530CA0296234E8002C272B /* XCRemoteSwiftPackageReference "firebase-ios-sdk" */;
			productName = FirebaseFirestoreSwift;
		};
		3B530CB5296234E8002C272B /* FirebaseFunctions */ = {
			isa = XCSwiftPackageProductDependency;
			package = 3B530CA0296234E8002C272B /* XCRemoteSwiftPackageReference "firebase-ios-sdk" */;
			productName = FirebaseFunctions;
		};
		3B530CB7296234E8002C272B /* FirebaseFunctionsCombine-Community */ = {
			isa = XCSwiftPackageProductDependency;
			package = 3B530CA0296234E8002C272B /* XCRemoteSwiftPackageReference "firebase-ios-sdk" */;
			productName = "FirebaseFunctionsCombine-Community";
		};
		3B530CB9296234E8002C272B /* FirebaseInAppMessaging-Beta */ = {
			isa = XCSwiftPackageProductDependency;
			package = 3B530CA0296234E8002C272B /* XCRemoteSwiftPackageReference "firebase-ios-sdk" */;
			productName = "FirebaseInAppMessaging-Beta";
		};
		3B530CBB296234E8002C272B /* FirebaseInAppMessagingSwift-Beta */ = {
			isa = XCSwiftPackageProductDependency;
			package = 3B530CA0296234E8002C272B /* XCRemoteSwiftPackageReference "firebase-ios-sdk" */;
			productName = "FirebaseInAppMessagingSwift-Beta";
		};
		3B530CBD296234E8002C272B /* FirebaseRemoteConfig */ = {
			isa = XCSwiftPackageProductDependency;
			package = 3B530CA0296234E8002C272B /* XCRemoteSwiftPackageReference "firebase-ios-sdk" */;
			productName = FirebaseRemoteConfig;
		};
		3B530CBF296234E8002C272B /* FirebaseRemoteConfigSwift */ = {
			isa = XCSwiftPackageProductDependency;
			package = 3B530CA0296234E8002C272B /* XCRemoteSwiftPackageReference "firebase-ios-sdk" */;
			productName = FirebaseRemoteConfigSwift;
		};
		3B530CC1296234E8002C272B /* FirebaseStorage */ = {
			isa = XCSwiftPackageProductDependency;
			package = 3B530CA0296234E8002C272B /* XCRemoteSwiftPackageReference "firebase-ios-sdk" */;
			productName = FirebaseStorage;
		};
		3B530CC3296234E8002C272B /* FirebaseStorageCombine-Community */ = {
			isa = XCSwiftPackageProductDependency;
			package = 3B530CA0296234E8002C272B /* XCRemoteSwiftPackageReference "firebase-ios-sdk" */;
			productName = "FirebaseStorageCombine-Community";
		};
		3BC9ED14295FEC8E004EFEEF /* SlidingTabView */ = {
			isa = XCSwiftPackageProductDependency;
			package = 3BC9ED13295FEC8E004EFEEF /* XCRemoteSwiftPackageReference "SlidingTabView" */;
			productName = SlidingTabView;
		};
/* End XCSwiftPackageProductDependency section */
	};
	rootObject = 3BC9ECC4295C0372004EFEEF /* Project object */;
}
